// !$*UTF8*$!
{
	archiveVersion = 1;
	classes = {
	};
	objectVersion = 46;
	objects = {

/* Begin PBXBuildFile section */
		0B387EDF19ED10D500ACCBE1 /* MendeleyNSURLConnectionProvider.m in Sources */ = {isa = PBXBuildFile; fileRef = 0B387EDE19ED10D500ACCBE1 /* MendeleyNSURLConnectionProvider.m */; };
		0B387EE519ED15CD00ACCBE1 /* MendeleyNSURLRequestHelper.m in Sources */ = {isa = PBXBuildFile; fileRef = 0B387EE419ED15CD00ACCBE1 /* MendeleyNSURLRequestHelper.m */; };
		0B387EE819ED174000ACCBE1 /* MendeleyNSURLRequestDownloadHelper.m in Sources */ = {isa = PBXBuildFile; fileRef = 0B387EE719ED174000ACCBE1 /* MendeleyNSURLRequestDownloadHelper.m */; };
		0B387EEE19ED695000ACCBE1 /* MendeleyNSURLRequestUploadHelper.m in Sources */ = {isa = PBXBuildFile; fileRef = 0B387EED19ED695000ACCBE1 /* MendeleyNSURLRequestUploadHelper.m */; };
		C24E70A3E1A44058A40FBE96 /* libPods-MendeleyKitTests.a in Frameworks */ = {isa = PBXBuildFile; fileRef = 9DEA9B99D5FE40BEB2C9E99F /* libPods-MendeleyKitTests.a */; };
		C462882D19DB160700127ECE /* annotation.json in Resources */ = {isa = PBXBuildFile; fileRef = C462882219DB160700127ECE /* annotation.json */; };
		C462882E19DB160700127ECE /* catalogue.json in Resources */ = {isa = PBXBuildFile; fileRef = C462882319DB160700127ECE /* catalogue.json */; };
		C462882F19DB160700127ECE /* catalogueArray.json in Resources */ = {isa = PBXBuildFile; fileRef = C462882419DB160700127ECE /* catalogueArray.json */; };
		C462883019DB160700127ECE /* document.json in Resources */ = {isa = PBXBuildFile; fileRef = C462882519DB160700127ECE /* document.json */; };
		C462883119DB160700127ECE /* documentList.json in Resources */ = {isa = PBXBuildFile; fileRef = C462882619DB160700127ECE /* documentList.json */; };
		C462883219DB160700127ECE /* folderContent.json in Resources */ = {isa = PBXBuildFile; fileRef = C462882719DB160700127ECE /* folderContent.json */; };
		C462883319DB160700127ECE /* folders.json in Resources */ = {isa = PBXBuildFile; fileRef = C462882819DB160700127ECE /* folders.json */; };
		C462883419DB160700127ECE /* Getting_Started_Guide.pdf in Resources */ = {isa = PBXBuildFile; fileRef = C462882919DB160700127ECE /* Getting_Started_Guide.pdf */; };
		C462883519DB160700127ECE /* group.json in Resources */ = {isa = PBXBuildFile; fileRef = C462882A19DB160700127ECE /* group.json */; };
		C462883619DB160700127ECE /* groupList.json in Resources */ = {isa = PBXBuildFile; fileRef = C462882B19DB160700127ECE /* groupList.json */; };
		C462883719DB160700127ECE /* profiles.json in Resources */ = {isa = PBXBuildFile; fileRef = C462882C19DB160700127ECE /* profiles.json */; };
		C462883B19DB164600127ECE /* MendeleyAnnotationTests.m in Sources */ = {isa = PBXBuildFile; fileRef = C462883819DB164600127ECE /* MendeleyAnnotationTests.m */; };
		C462883C19DB164600127ECE /* MendeleyProfilesAPITests.m in Sources */ = {isa = PBXBuildFile; fileRef = C462883919DB164600127ECE /* MendeleyProfilesAPITests.m */; };
		C462883D19DB164600127ECE /* MendeleyKitTests.m in Sources */ = {isa = PBXBuildFile; fileRef = C462883A19DB164600127ECE /* MendeleyKitTests.m */; };
		C462884219DB166B00127ECE /* MendeleyKitConfigurationTests.m in Sources */ = {isa = PBXBuildFile; fileRef = C462883E19DB166B00127ECE /* MendeleyKitConfigurationTests.m */; };
		C462884319DB166B00127ECE /* MendeleyKitTestBaseClass.m in Sources */ = {isa = PBXBuildFile; fileRef = C462884019DB166B00127ECE /* MendeleyKitTestBaseClass.m */; };
		C462884519DB16B100127ECE /* MendeleyKitTestsThreadHelper.m in Sources */ = {isa = PBXBuildFile; fileRef = C462884419DB16B100127ECE /* MendeleyKitTestsThreadHelper.m */; };
		C462884A19DB171900127ECE /* MendeleyErrorCategoriesTests.m in Sources */ = {isa = PBXBuildFile; fileRef = C462884619DB171900127ECE /* MendeleyErrorCategoriesTests.m */; };
		C462884B19DB171900127ECE /* MendeleyErrorManagerTests.m in Sources */ = {isa = PBXBuildFile; fileRef = C462884719DB171900127ECE /* MendeleyErrorManagerTests.m */; };
		C462884C19DB171900127ECE /* MendeleyLogTests.m in Sources */ = {isa = PBXBuildFile; fileRef = C462884819DB171900127ECE /* MendeleyLogTests.m */; };
		C462884D19DB171900127ECE /* MendeleyPerformanceMeterTests.m in Sources */ = {isa = PBXBuildFile; fileRef = C462884919DB171900127ECE /* MendeleyPerformanceMeterTests.m */; };
		C462884F19DB172E00127ECE /* NSDictionaryMergeCategoryTests.m in Sources */ = {isa = PBXBuildFile; fileRef = C462884E19DB172E00127ECE /* NSDictionaryMergeCategoryTests.m */; };
		C462885619DB175500127ECE /* MendeleyLoginControllerTests.m in Sources */ = {isa = PBXBuildFile; fileRef = C462885019DB175500127ECE /* MendeleyLoginControllerTests.m */; };
		C462885719DB175500127ECE /* MendeleyNetworkingTests.m in Sources */ = {isa = PBXBuildFile; fileRef = C462885119DB175500127ECE /* MendeleyNetworkingTests.m */; };
		C462885819DB175500127ECE /* MendeleyOAuthStoreTests.m in Sources */ = {isa = PBXBuildFile; fileRef = C462885219DB175500127ECE /* MendeleyOAuthStoreTests.m */; };
		C462885919DB175500127ECE /* MendeleyReachabilityTests.m in Sources */ = {isa = PBXBuildFile; fileRef = C462885319DB175500127ECE /* MendeleyReachabilityTests.m */; };
		C462885A19DB175500127ECE /* MendeleyResponseTests.m in Sources */ = {isa = PBXBuildFile; fileRef = C462885419DB175500127ECE /* MendeleyResponseTests.m */; };
		C462885B19DB175500127ECE /* MendeleySimpleNetworkProviderTests.m in Sources */ = {isa = PBXBuildFile; fileRef = C462885519DB175500127ECE /* MendeleySimpleNetworkProviderTests.m */; };
		C462885D19DB176C00127ECE /* MendeleyQueryParameterTests.m in Sources */ = {isa = PBXBuildFile; fileRef = C462885C19DB176C00127ECE /* MendeleyQueryParameterTests.m */; };
		C462885F19DB178000127ECE /* MendeleySyncInfoTests.m in Sources */ = {isa = PBXBuildFile; fileRef = C462885E19DB178000127ECE /* MendeleySyncInfoTests.m */; };
		C462886419DB17A700127ECE /* MendeleyCatalogDocumentsModellerTests.m in Sources */ = {isa = PBXBuildFile; fileRef = C462886019DB17A700127ECE /* MendeleyCatalogDocumentsModellerTests.m */; };
		C462886519DB17A700127ECE /* MendeleyModellerTest.m in Sources */ = {isa = PBXBuildFile; fileRef = C462886119DB17A700127ECE /* MendeleyModellerTest.m */; };
		C462886619DB17A700127ECE /* MendeleyModelTest.m in Sources */ = {isa = PBXBuildFile; fileRef = C462886219DB17A700127ECE /* MendeleyModelTest.m */; };
		C462886719DB17A700127ECE /* MendeleyObjectHelperTests.m in Sources */ = {isa = PBXBuildFile; fileRef = C462886319DB17A700127ECE /* MendeleyObjectHelperTests.m */; };
		C462886A19DB17D200127ECE /* MendeleyAnnotationModellerTest.m in Sources */ = {isa = PBXBuildFile; fileRef = C462886819DB17D200127ECE /* MendeleyAnnotationModellerTest.m */; };
		C462886B19DB17D200127ECE /* MendeleyAnnotationsAPITests.m in Sources */ = {isa = PBXBuildFile; fileRef = C462886919DB17D200127ECE /* MendeleyAnnotationsAPITests.m */; };
		C462886F19DB17F100127ECE /* MendeleyMockNetworkProvider.m in Sources */ = {isa = PBXBuildFile; fileRef = C462886D19DB17F100127ECE /* MendeleyMockNetworkProvider.m */; };
		C462887019DB17F100127ECE /* MendeleyMockNetworkProviderTests.m in Sources */ = {isa = PBXBuildFile; fileRef = C462886E19DB17F100127ECE /* MendeleyMockNetworkProviderTests.m */; };
		C47E53AF19EE5D0900D8FF23 /* MendeleyNSURLConnectionProviderTests.m in Sources */ = {isa = PBXBuildFile; fileRef = C47E53AE19EE5D0900D8FF23 /* MendeleyNSURLConnectionProviderTests.m */; };
		C4A134CE19DADDD10069DB7A /* MendeleyAnnotation.m in Sources */ = {isa = PBXBuildFile; fileRef = C4A134B519DADDD10069DB7A /* MendeleyAnnotation.m */; };
		C4A134CF19DADDD10069DB7A /* MendeleyCatalogDocument.m in Sources */ = {isa = PBXBuildFile; fileRef = C4A134B719DADDD10069DB7A /* MendeleyCatalogDocument.m */; };
		C4A134D019DADDD10069DB7A /* MendeleyDocument.m in Sources */ = {isa = PBXBuildFile; fileRef = C4A134B919DADDD10069DB7A /* MendeleyDocument.m */; };
		C4A134D119DADDD10069DB7A /* MendeleyDocumentType.m in Sources */ = {isa = PBXBuildFile; fileRef = C4A134BB19DADDD10069DB7A /* MendeleyDocumentType.m */; };
		C4A134D219DADDD10069DB7A /* MendeleyFile.m in Sources */ = {isa = PBXBuildFile; fileRef = C4A134BD19DADDD10069DB7A /* MendeleyFile.m */; };
		C4A134D319DADDD10069DB7A /* MendeleyFolder.m in Sources */ = {isa = PBXBuildFile; fileRef = C4A134BF19DADDD10069DB7A /* MendeleyFolder.m */; };
		C4A134D419DADDD10069DB7A /* MendeleyGroup.m in Sources */ = {isa = PBXBuildFile; fileRef = C4A134C119DADDD10069DB7A /* MendeleyGroup.m */; };
		C4A134D519DADDD10069DB7A /* MendeleyIdentifierType.m in Sources */ = {isa = PBXBuildFile; fileRef = C4A134C319DADDD10069DB7A /* MendeleyIdentifierType.m */; };
		C4A134D619DADDD10069DB7A /* MendeleyMetadataLookup.m in Sources */ = {isa = PBXBuildFile; fileRef = C4A134C519DADDD10069DB7A /* MendeleyMetadataLookup.m */; };
		C4A134D719DADDD10069DB7A /* MendeleyObject.m in Sources */ = {isa = PBXBuildFile; fileRef = C4A134C719DADDD10069DB7A /* MendeleyObject.m */; };
		C4A134D819DADDD10069DB7A /* MendeleyPerson.m in Sources */ = {isa = PBXBuildFile; fileRef = C4A134C919DADDD10069DB7A /* MendeleyPerson.m */; };
		C4A134D919DADDD10069DB7A /* MendeleyProfile.m in Sources */ = {isa = PBXBuildFile; fileRef = C4A134CB19DADDD10069DB7A /* MendeleyProfile.m */; };
		C4A134DA19DADDD10069DB7A /* MendeleyUserRole.m in Sources */ = {isa = PBXBuildFile; fileRef = C4A134CD19DADDD10069DB7A /* MendeleyUserRole.m */; };
		C4A134E019DADDF10069DB7A /* MendeleyModeller.m in Sources */ = {isa = PBXBuildFile; fileRef = C4A134DC19DADDF10069DB7A /* MendeleyModeller.m */; };
		C4A134E119DADDF10069DB7A /* MendeleyObjectHelper.m in Sources */ = {isa = PBXBuildFile; fileRef = C4A134DF19DADDF10069DB7A /* MendeleyObjectHelper.m */; };
		C4A134EC19DADE670069DB7A /* MendeleyConnectionReachability.m in Sources */ = {isa = PBXBuildFile; fileRef = C4A134E919DADE670069DB7A /* MendeleyConnectionReachability.m */; };
		C4A134ED19DADE670069DB7A /* MendeleyURLBuilder.m in Sources */ = {isa = PBXBuildFile; fileRef = C4A134EB19DADE670069DB7A /* MendeleyURLBuilder.m */; };
		C4A134F219DADE760069DB7A /* MendeleySimpleNetworkProvider.m in Sources */ = {isa = PBXBuildFile; fileRef = C4A134EF19DADE760069DB7A /* MendeleySimpleNetworkProvider.m */; };
		C4A134F319DADE760069DB7A /* MendeleySimpleNetworkTask.m in Sources */ = {isa = PBXBuildFile; fileRef = C4A134F119DADE760069DB7A /* MendeleySimpleNetworkTask.m */; };
		C4A134FB19DADE850069DB7A /* MendeleyOAuthCredentials.m in Sources */ = {isa = PBXBuildFile; fileRef = C4A134F619DADE850069DB7A /* MendeleyOAuthCredentials.m */; };
		C4A134FC19DADE850069DB7A /* MendeleyOAuthStore.m in Sources */ = {isa = PBXBuildFile; fileRef = C4A134F819DADE850069DB7A /* MendeleyOAuthStore.m */; };
		C4A134FD19DADE850069DB7A /* MendeleyOAuthTokenHelper.m in Sources */ = {isa = PBXBuildFile; fileRef = C4A134FA19DADE850069DB7A /* MendeleyOAuthTokenHelper.m */; };
		C4A1350A19DADE950069DB7A /* MendeleyQueryRequestParameters.m in Sources */ = {isa = PBXBuildFile; fileRef = C4A134FF19DADE950069DB7A /* MendeleyQueryRequestParameters.m */; };
		C4A1350B19DADE950069DB7A /* MendeleyRequest.m in Sources */ = {isa = PBXBuildFile; fileRef = C4A1350119DADE950069DB7A /* MendeleyRequest.m */; };
		C4A1350C19DADE950069DB7A /* MendeleyResponse.m in Sources */ = {isa = PBXBuildFile; fileRef = C4A1350319DADE950069DB7A /* MendeleyResponse.m */; };
		C4A1350D19DADE950069DB7A /* MendeleySyncInfo.m in Sources */ = {isa = PBXBuildFile; fileRef = C4A1350519DADE950069DB7A /* MendeleySyncInfo.m */; };
		C4A1350E19DADE950069DB7A /* MendeleyTask.m in Sources */ = {isa = PBXBuildFile; fileRef = C4A1350719DADE950069DB7A /* MendeleyTask.m */; };
		C4A1350F19DADE950069DB7A /* MendeleyTaskProvider.m in Sources */ = {isa = PBXBuildFile; fileRef = C4A1350919DADE950069DB7A /* MendeleyTaskProvider.m */; };
		C4A1351219DADEA40069DB7A /* MendeleyDefaultOAuthProvider.m in Sources */ = {isa = PBXBuildFile; fileRef = C4A1351119DADEA40069DB7A /* MendeleyDefaultOAuthProvider.m */; };
		C4A1351D19DADEB20069DB7A /* MendeleyDataHelper.m in Sources */ = {isa = PBXBuildFile; fileRef = C4A1351419DADEB20069DB7A /* MendeleyDataHelper.m */; };
		C4A1351E19DADEB20069DB7A /* MendeleyDefaultNetworkProvider.m in Sources */ = {isa = PBXBuildFile; fileRef = C4A1351619DADEB20069DB7A /* MendeleyDefaultNetworkProvider.m */; };
		C4A1351F19DADEB20069DB7A /* MendeleyDownloadHelper.m in Sources */ = {isa = PBXBuildFile; fileRef = C4A1351819DADEB20069DB7A /* MendeleyDownloadHelper.m */; };
		C4A1352019DADEB20069DB7A /* MendeleyNetworkTask.m in Sources */ = {isa = PBXBuildFile; fileRef = C4A1351A19DADEB20069DB7A /* MendeleyNetworkTask.m */; };
		C4A1352119DADEB20069DB7A /* MendeleyUploadHelper.m in Sources */ = {isa = PBXBuildFile; fileRef = C4A1351C19DADEB20069DB7A /* MendeleyUploadHelper.m */; };
		C4A1352619DADEC40069DB7A /* MendeleyLoginController.m in Sources */ = {isa = PBXBuildFile; fileRef = C4A1352319DADEC40069DB7A /* MendeleyLoginController.m */; };
		C4A1353819DADF280069DB7A /* MendeleyAnnotationsAPI.m in Sources */ = {isa = PBXBuildFile; fileRef = C4A1352919DADF280069DB7A /* MendeleyAnnotationsAPI.m */; };
		C4A1353919DADF280069DB7A /* MendeleyDocumentsAPI.m in Sources */ = {isa = PBXBuildFile; fileRef = C4A1352B19DADF280069DB7A /* MendeleyDocumentsAPI.m */; };
		C4A1353A19DADF280069DB7A /* MendeleyFilesAPI.m in Sources */ = {isa = PBXBuildFile; fileRef = C4A1352D19DADF280069DB7A /* MendeleyFilesAPI.m */; };
		C4A1353B19DADF280069DB7A /* MendeleyFoldersAPI.m in Sources */ = {isa = PBXBuildFile; fileRef = C4A1352F19DADF280069DB7A /* MendeleyFoldersAPI.m */; };
		C4A1353C19DADF280069DB7A /* MendeleyGroupsAPI.m in Sources */ = {isa = PBXBuildFile; fileRef = C4A1353119DADF280069DB7A /* MendeleyGroupsAPI.m */; };
		C4A1353D19DADF280069DB7A /* MendeleyMetadataAPI.m in Sources */ = {isa = PBXBuildFile; fileRef = C4A1353319DADF280069DB7A /* MendeleyMetadataAPI.m */; };
		C4A1353E19DADF280069DB7A /* MendeleyObjectAPI.m in Sources */ = {isa = PBXBuildFile; fileRef = C4A1353519DADF280069DB7A /* MendeleyObjectAPI.m */; };
		C4A1353F19DADF280069DB7A /* MendeleyProfilesAPI.m in Sources */ = {isa = PBXBuildFile; fileRef = C4A1353719DADF280069DB7A /* MendeleyProfilesAPI.m */; };
		C4A1354419DADF750069DB7A /* MendeleyKitConfiguration.m in Sources */ = {isa = PBXBuildFile; fileRef = C4A1354119DADF750069DB7A /* MendeleyKitConfiguration.m */; };
		C4A1354519DADF750069DB7A /* MendeleyKitHelper.m in Sources */ = {isa = PBXBuildFile; fileRef = C4A1354319DADF750069DB7A /* MendeleyKitHelper.m */; };
		C4A1354C19DAE0610069DB7A /* MendeleyBlockExecutor.m in Sources */ = {isa = PBXBuildFile; fileRef = C4A1354B19DAE0610069DB7A /* MendeleyBlockExecutor.m */; };
		C4A1354F19DAE07A0069DB7A /* MendeleyLog.m in Sources */ = {isa = PBXBuildFile; fileRef = C4A1354E19DAE07A0069DB7A /* MendeleyLog.m */; };
		C4A1355419DAE0870069DB7A /* NSDictionary+Merge.m in Sources */ = {isa = PBXBuildFile; fileRef = C4A1355119DAE0870069DB7A /* NSDictionary+Merge.m */; };
		C4A1355519DAE0870069DB7A /* NSMutableArray+MaximumSize.m in Sources */ = {isa = PBXBuildFile; fileRef = C4A1355319DAE0870069DB7A /* NSMutableArray+MaximumSize.m */; };
		C4A1355F19DAE0940069DB7A /* MendeleyErrorManager.m in Sources */ = {isa = PBXBuildFile; fileRef = C4A1355819DAE0940069DB7A /* MendeleyErrorManager.m */; };
		C4A1356019DAE0940069DB7A /* MendeleyKitUserInfoManager.m in Sources */ = {isa = PBXBuildFile; fileRef = C4A1355A19DAE0940069DB7A /* MendeleyKitUserInfoManager.m */; };
		C4A1356119DAE0940069DB7A /* NSError+Exceptions.m in Sources */ = {isa = PBXBuildFile; fileRef = C4A1355C19DAE0940069DB7A /* NSError+Exceptions.m */; };
		C4A1356219DAE0940069DB7A /* NSError+MendeleyError.m in Sources */ = {isa = PBXBuildFile; fileRef = C4A1355E19DAE0940069DB7A /* NSError+MendeleyError.m */; };
		C4A1356919DAE0A20069DB7A /* MendeleyPerformanceMeter.m in Sources */ = {isa = PBXBuildFile; fileRef = C4A1356419DAE0A20069DB7A /* MendeleyPerformanceMeter.m */; };
		C4A1356A19DAE0A20069DB7A /* MendeleyPerformanceMeterSession.m in Sources */ = {isa = PBXBuildFile; fileRef = C4A1356619DAE0A20069DB7A /* MendeleyPerformanceMeterSession.m */; };
		C4A1356B19DAE0A20069DB7A /* MendeleyTimer.m in Sources */ = {isa = PBXBuildFile; fileRef = C4A1356819DAE0A20069DB7A /* MendeleyTimer.m */; };
		C4A1356D19DAE65A0069DB7A /* Security.framework in Frameworks */ = {isa = PBXBuildFile; fileRef = C4A1356C19DAE65A0069DB7A /* Security.framework */; };
		C4A1356F19DAE6630069DB7A /* MobileCoreServices.framework in Frameworks */ = {isa = PBXBuildFile; fileRef = C4A1356E19DAE6630069DB7A /* MobileCoreServices.framework */; };
		C4CD513F19DAD9E400C8EB8D /* Foundation.framework in Frameworks */ = {isa = PBXBuildFile; fileRef = C4CD513E19DAD9E400C8EB8D /* Foundation.framework */; };
		C4CD514419DAD9E400C8EB8D /* MendeleyKit.h in CopyFiles */ = {isa = PBXBuildFile; fileRef = C4CD514319DAD9E400C8EB8D /* MendeleyKit.h */; };
		C4CD514619DAD9E400C8EB8D /* MendeleyKit.m in Sources */ = {isa = PBXBuildFile; fileRef = C4CD514519DAD9E400C8EB8D /* MendeleyKit.m */; };
		C4CD514D19DAD9E400C8EB8D /* XCTest.framework in Frameworks */ = {isa = PBXBuildFile; fileRef = C4CD514C19DAD9E400C8EB8D /* XCTest.framework */; };
		C4CD514E19DAD9E400C8EB8D /* Foundation.framework in Frameworks */ = {isa = PBXBuildFile; fileRef = C4CD513E19DAD9E400C8EB8D /* Foundation.framework */; };
		C4CD515019DAD9E400C8EB8D /* UIKit.framework in Frameworks */ = {isa = PBXBuildFile; fileRef = C4CD514F19DAD9E400C8EB8D /* UIKit.framework */; };
		C4CD515319DAD9E400C8EB8D /* libMendeleyKit.a in Frameworks */ = {isa = PBXBuildFile; fileRef = C4CD513B19DAD9E400C8EB8D /* libMendeleyKit.a */; };
		C4CD515919DAD9E400C8EB8D /* InfoPlist.strings in Resources */ = {isa = PBXBuildFile; fileRef = C4CD515719DAD9E400C8EB8D /* InfoPlist.strings */; };
		C883D3BD1A0A633A0001281D /* Reachability.m in Sources */ = {isa = PBXBuildFile; fileRef = C883D3BC1A0A633A0001281D /* Reachability.m */; };
/* End PBXBuildFile section */

/* Begin PBXContainerItemProxy section */
		C4CD515119DAD9E400C8EB8D /* PBXContainerItemProxy */ = {
			isa = PBXContainerItemProxy;
			containerPortal = C4CD513319DAD9E400C8EB8D /* Project object */;
			proxyType = 1;
			remoteGlobalIDString = C4CD513A19DAD9E400C8EB8D;
			remoteInfo = MendeleyKit;
		};
/* End PBXContainerItemProxy section */

/* Begin PBXCopyFilesBuildPhase section */
		C4CD513919DAD9E400C8EB8D /* CopyFiles */ = {
			isa = PBXCopyFilesBuildPhase;
			buildActionMask = 2147483647;
			dstPath = "include/$(PRODUCT_NAME)";
			dstSubfolderSpec = 16;
			files = (
				C4CD514419DAD9E400C8EB8D /* MendeleyKit.h in CopyFiles */,
			);
			runOnlyForDeploymentPostprocessing = 0;
		};
/* End PBXCopyFilesBuildPhase section */

/* Begin PBXFileReference section */
		0B387EDD19ED10D500ACCBE1 /* MendeleyNSURLConnectionProvider.h */ = {isa = PBXFileReference; fileEncoding = 4; lastKnownFileType = sourcecode.c.h; name = MendeleyNSURLConnectionProvider.h; path = "Networking/NSURLConnection Provider/MendeleyNSURLConnectionProvider.h"; sourceTree = "<group>"; };
		0B387EDE19ED10D500ACCBE1 /* MendeleyNSURLConnectionProvider.m */ = {isa = PBXFileReference; fileEncoding = 4; lastKnownFileType = sourcecode.c.objc; name = MendeleyNSURLConnectionProvider.m; path = "Networking/NSURLConnection Provider/MendeleyNSURLConnectionProvider.m"; sourceTree = "<group>"; };
		0B387EE319ED15CD00ACCBE1 /* MendeleyNSURLRequestHelper.h */ = {isa = PBXFileReference; fileEncoding = 4; lastKnownFileType = sourcecode.c.h; name = MendeleyNSURLRequestHelper.h; path = "Networking/NSURLConnection Provider/MendeleyNSURLRequestHelper.h"; sourceTree = "<group>"; };
		0B387EE419ED15CD00ACCBE1 /* MendeleyNSURLRequestHelper.m */ = {isa = PBXFileReference; fileEncoding = 4; lastKnownFileType = sourcecode.c.objc; name = MendeleyNSURLRequestHelper.m; path = "Networking/NSURLConnection Provider/MendeleyNSURLRequestHelper.m"; sourceTree = "<group>"; };
		0B387EE619ED174000ACCBE1 /* MendeleyNSURLRequestDownloadHelper.h */ = {isa = PBXFileReference; fileEncoding = 4; lastKnownFileType = sourcecode.c.h; name = MendeleyNSURLRequestDownloadHelper.h; path = "Networking/NSURLConnection Provider/MendeleyNSURLRequestDownloadHelper.h"; sourceTree = "<group>"; };
		0B387EE719ED174000ACCBE1 /* MendeleyNSURLRequestDownloadHelper.m */ = {isa = PBXFileReference; fileEncoding = 4; lastKnownFileType = sourcecode.c.objc; name = MendeleyNSURLRequestDownloadHelper.m; path = "Networking/NSURLConnection Provider/MendeleyNSURLRequestDownloadHelper.m"; sourceTree = "<group>"; };
		0B387EE919ED59C500ACCBE1 /* MendeleyCancellableRequest.h */ = {isa = PBXFileReference; fileEncoding = 4; lastKnownFileType = sourcecode.c.h; name = MendeleyCancellableRequest.h; path = "Networking/NSURLConnection Provider/MendeleyCancellableRequest.h"; sourceTree = "<group>"; };
		0B387EEC19ED695000ACCBE1 /* MendeleyNSURLRequestUploadHelper.h */ = {isa = PBXFileReference; fileEncoding = 4; lastKnownFileType = sourcecode.c.h; name = MendeleyNSURLRequestUploadHelper.h; path = "Networking/NSURLConnection Provider/MendeleyNSURLRequestUploadHelper.h"; sourceTree = "<group>"; };
		0B387EED19ED695000ACCBE1 /* MendeleyNSURLRequestUploadHelper.m */ = {isa = PBXFileReference; fileEncoding = 4; lastKnownFileType = sourcecode.c.objc; name = MendeleyNSURLRequestUploadHelper.m; path = "Networking/NSURLConnection Provider/MendeleyNSURLRequestUploadHelper.m"; sourceTree = "<group>"; };
		0F7FE6F8D2A0E0F2771226C7 /* Pods-MendeleyKitTests.release.xcconfig */ = {isa = PBXFileReference; includeInIndex = 1; lastKnownFileType = text.xcconfig; name = "Pods-MendeleyKitTests.release.xcconfig"; path = "Pods/Target Support Files/Pods-MendeleyKitTests/Pods-MendeleyKitTests.release.xcconfig"; sourceTree = "<group>"; };
		8302971636AF25A993EDBA94 /* Pods-MendeleyKitTests.debug.xcconfig */ = {isa = PBXFileReference; includeInIndex = 1; lastKnownFileType = text.xcconfig; name = "Pods-MendeleyKitTests.debug.xcconfig"; path = "Pods/Target Support Files/Pods-MendeleyKitTests/Pods-MendeleyKitTests.debug.xcconfig"; sourceTree = "<group>"; };
		9DEA9B99D5FE40BEB2C9E99F /* libPods-MendeleyKitTests.a */ = {isa = PBXFileReference; explicitFileType = archive.ar; includeInIndex = 0; path = "libPods-MendeleyKitTests.a"; sourceTree = BUILT_PRODUCTS_DIR; };
		C462882219DB160700127ECE /* annotation.json */ = {isa = PBXFileReference; fileEncoding = 4; lastKnownFileType = text.json; path = annotation.json; sourceTree = "<group>"; };
		C462882319DB160700127ECE /* catalogue.json */ = {isa = PBXFileReference; fileEncoding = 4; lastKnownFileType = text.json; path = catalogue.json; sourceTree = "<group>"; };
		C462882419DB160700127ECE /* catalogueArray.json */ = {isa = PBXFileReference; fileEncoding = 4; lastKnownFileType = text.json; path = catalogueArray.json; sourceTree = "<group>"; };
		C462882519DB160700127ECE /* document.json */ = {isa = PBXFileReference; fileEncoding = 4; lastKnownFileType = text.json; path = document.json; sourceTree = "<group>"; };
		C462882619DB160700127ECE /* documentList.json */ = {isa = PBXFileReference; fileEncoding = 4; lastKnownFileType = text.json; path = documentList.json; sourceTree = "<group>"; };
		C462882719DB160700127ECE /* folderContent.json */ = {isa = PBXFileReference; fileEncoding = 4; lastKnownFileType = text.json; path = folderContent.json; sourceTree = "<group>"; };
		C462882819DB160700127ECE /* folders.json */ = {isa = PBXFileReference; fileEncoding = 4; lastKnownFileType = text.json; path = folders.json; sourceTree = "<group>"; };
		C462882919DB160700127ECE /* Getting_Started_Guide.pdf */ = {isa = PBXFileReference; lastKnownFileType = image.pdf; path = Getting_Started_Guide.pdf; sourceTree = "<group>"; };
		C462882A19DB160700127ECE /* group.json */ = {isa = PBXFileReference; fileEncoding = 4; lastKnownFileType = text.json; path = group.json; sourceTree = "<group>"; };
		C462882B19DB160700127ECE /* groupList.json */ = {isa = PBXFileReference; fileEncoding = 4; lastKnownFileType = text.json; path = groupList.json; sourceTree = "<group>"; };
		C462882C19DB160700127ECE /* profiles.json */ = {isa = PBXFileReference; fileEncoding = 4; lastKnownFileType = text.json; path = profiles.json; sourceTree = "<group>"; };
		C462883819DB164600127ECE /* MendeleyAnnotationTests.m */ = {isa = PBXFileReference; fileEncoding = 4; lastKnownFileType = sourcecode.c.objc; path = MendeleyAnnotationTests.m; sourceTree = "<group>"; };
		C462883919DB164600127ECE /* MendeleyProfilesAPITests.m */ = {isa = PBXFileReference; fileEncoding = 4; lastKnownFileType = sourcecode.c.objc; path = MendeleyProfilesAPITests.m; sourceTree = "<group>"; };
		C462883A19DB164600127ECE /* MendeleyKitTests.m */ = {isa = PBXFileReference; fileEncoding = 4; lastKnownFileType = sourcecode.c.objc; path = MendeleyKitTests.m; sourceTree = "<group>"; };
		C462883E19DB166B00127ECE /* MendeleyKitConfigurationTests.m */ = {isa = PBXFileReference; fileEncoding = 4; lastKnownFileType = sourcecode.c.objc; path = MendeleyKitConfigurationTests.m; sourceTree = "<group>"; };
		C462883F19DB166B00127ECE /* MendeleyKitTestBaseClass.h */ = {isa = PBXFileReference; fileEncoding = 4; lastKnownFileType = sourcecode.c.h; path = MendeleyKitTestBaseClass.h; sourceTree = "<group>"; };
		C462884019DB166B00127ECE /* MendeleyKitTestBaseClass.m */ = {isa = PBXFileReference; fileEncoding = 4; lastKnownFileType = sourcecode.c.objc; path = MendeleyKitTestBaseClass.m; sourceTree = "<group>"; };
		C462884119DB166B00127ECE /* MendeleyKitTestsThreadHelper.h */ = {isa = PBXFileReference; fileEncoding = 4; lastKnownFileType = sourcecode.c.h; path = MendeleyKitTestsThreadHelper.h; sourceTree = "<group>"; };
		C462884419DB16B100127ECE /* MendeleyKitTestsThreadHelper.m */ = {isa = PBXFileReference; fileEncoding = 4; lastKnownFileType = sourcecode.c.objc; path = MendeleyKitTestsThreadHelper.m; sourceTree = "<group>"; };
		C462884619DB171900127ECE /* MendeleyErrorCategoriesTests.m */ = {isa = PBXFileReference; fileEncoding = 4; lastKnownFileType = sourcecode.c.objc; path = MendeleyErrorCategoriesTests.m; sourceTree = "<group>"; };
		C462884719DB171900127ECE /* MendeleyErrorManagerTests.m */ = {isa = PBXFileReference; fileEncoding = 4; lastKnownFileType = sourcecode.c.objc; path = MendeleyErrorManagerTests.m; sourceTree = "<group>"; };
		C462884819DB171900127ECE /* MendeleyLogTests.m */ = {isa = PBXFileReference; fileEncoding = 4; lastKnownFileType = sourcecode.c.objc; path = MendeleyLogTests.m; sourceTree = "<group>"; };
		C462884919DB171900127ECE /* MendeleyPerformanceMeterTests.m */ = {isa = PBXFileReference; fileEncoding = 4; lastKnownFileType = sourcecode.c.objc; path = MendeleyPerformanceMeterTests.m; sourceTree = "<group>"; };
		C462884E19DB172E00127ECE /* NSDictionaryMergeCategoryTests.m */ = {isa = PBXFileReference; fileEncoding = 4; lastKnownFileType = sourcecode.c.objc; path = NSDictionaryMergeCategoryTests.m; sourceTree = "<group>"; };
		C462885019DB175500127ECE /* MendeleyLoginControllerTests.m */ = {isa = PBXFileReference; fileEncoding = 4; lastKnownFileType = sourcecode.c.objc; path = MendeleyLoginControllerTests.m; sourceTree = "<group>"; };
		C462885119DB175500127ECE /* MendeleyNetworkingTests.m */ = {isa = PBXFileReference; fileEncoding = 4; lastKnownFileType = sourcecode.c.objc; path = MendeleyNetworkingTests.m; sourceTree = "<group>"; };
		C462885219DB175500127ECE /* MendeleyOAuthStoreTests.m */ = {isa = PBXFileReference; fileEncoding = 4; lastKnownFileType = sourcecode.c.objc; path = MendeleyOAuthStoreTests.m; sourceTree = "<group>"; };
		C462885319DB175500127ECE /* MendeleyReachabilityTests.m */ = {isa = PBXFileReference; fileEncoding = 4; lastKnownFileType = sourcecode.c.objc; path = MendeleyReachabilityTests.m; sourceTree = "<group>"; };
		C462885419DB175500127ECE /* MendeleyResponseTests.m */ = {isa = PBXFileReference; fileEncoding = 4; lastKnownFileType = sourcecode.c.objc; path = MendeleyResponseTests.m; sourceTree = "<group>"; };
		C462885519DB175500127ECE /* MendeleySimpleNetworkProviderTests.m */ = {isa = PBXFileReference; fileEncoding = 4; lastKnownFileType = sourcecode.c.objc; path = MendeleySimpleNetworkProviderTests.m; sourceTree = "<group>"; };
		C462885C19DB176C00127ECE /* MendeleyQueryParameterTests.m */ = {isa = PBXFileReference; fileEncoding = 4; lastKnownFileType = sourcecode.c.objc; path = MendeleyQueryParameterTests.m; sourceTree = "<group>"; };
		C462885E19DB178000127ECE /* MendeleySyncInfoTests.m */ = {isa = PBXFileReference; fileEncoding = 4; lastKnownFileType = sourcecode.c.objc; path = MendeleySyncInfoTests.m; sourceTree = "<group>"; };
		C462886019DB17A700127ECE /* MendeleyCatalogDocumentsModellerTests.m */ = {isa = PBXFileReference; fileEncoding = 4; lastKnownFileType = sourcecode.c.objc; path = MendeleyCatalogDocumentsModellerTests.m; sourceTree = "<group>"; };
		C462886119DB17A700127ECE /* MendeleyModellerTest.m */ = {isa = PBXFileReference; fileEncoding = 4; lastKnownFileType = sourcecode.c.objc; path = MendeleyModellerTest.m; sourceTree = "<group>"; };
		C462886219DB17A700127ECE /* MendeleyModelTest.m */ = {isa = PBXFileReference; fileEncoding = 4; lastKnownFileType = sourcecode.c.objc; path = MendeleyModelTest.m; sourceTree = "<group>"; };
		C462886319DB17A700127ECE /* MendeleyObjectHelperTests.m */ = {isa = PBXFileReference; fileEncoding = 4; lastKnownFileType = sourcecode.c.objc; path = MendeleyObjectHelperTests.m; sourceTree = "<group>"; };
		C462886819DB17D200127ECE /* MendeleyAnnotationModellerTest.m */ = {isa = PBXFileReference; fileEncoding = 4; lastKnownFileType = sourcecode.c.objc; path = MendeleyAnnotationModellerTest.m; sourceTree = "<group>"; };
		C462886919DB17D200127ECE /* MendeleyAnnotationsAPITests.m */ = {isa = PBXFileReference; fileEncoding = 4; lastKnownFileType = sourcecode.c.objc; path = MendeleyAnnotationsAPITests.m; sourceTree = "<group>"; };
		C462886C19DB17F100127ECE /* MendeleyMockNetworkProvider.h */ = {isa = PBXFileReference; fileEncoding = 4; lastKnownFileType = sourcecode.c.h; path = MendeleyMockNetworkProvider.h; sourceTree = "<group>"; };
		C462886D19DB17F100127ECE /* MendeleyMockNetworkProvider.m */ = {isa = PBXFileReference; fileEncoding = 4; lastKnownFileType = sourcecode.c.objc; path = MendeleyMockNetworkProvider.m; sourceTree = "<group>"; };
		C462886E19DB17F100127ECE /* MendeleyMockNetworkProviderTests.m */ = {isa = PBXFileReference; fileEncoding = 4; lastKnownFileType = sourcecode.c.objc; path = MendeleyMockNetworkProviderTests.m; sourceTree = "<group>"; };
		C47E53AE19EE5D0900D8FF23 /* MendeleyNSURLConnectionProviderTests.m */ = {isa = PBXFileReference; fileEncoding = 4; lastKnownFileType = sourcecode.c.objc; path = MendeleyNSURLConnectionProviderTests.m; sourceTree = "<group>"; };
		C4A134B419DADDD10069DB7A /* MendeleyAnnotation.h */ = {isa = PBXFileReference; fileEncoding = 4; lastKnownFileType = sourcecode.c.h; name = MendeleyAnnotation.h; path = "Model/Mendeley Objects/MendeleyAnnotation.h"; sourceTree = "<group>"; };
		C4A134B519DADDD10069DB7A /* MendeleyAnnotation.m */ = {isa = PBXFileReference; fileEncoding = 4; lastKnownFileType = sourcecode.c.objc; name = MendeleyAnnotation.m; path = "Model/Mendeley Objects/MendeleyAnnotation.m"; sourceTree = "<group>"; };
		C4A134B619DADDD10069DB7A /* MendeleyCatalogDocument.h */ = {isa = PBXFileReference; fileEncoding = 4; lastKnownFileType = sourcecode.c.h; name = MendeleyCatalogDocument.h; path = "Model/Mendeley Objects/MendeleyCatalogDocument.h"; sourceTree = "<group>"; };
		C4A134B719DADDD10069DB7A /* MendeleyCatalogDocument.m */ = {isa = PBXFileReference; fileEncoding = 4; lastKnownFileType = sourcecode.c.objc; name = MendeleyCatalogDocument.m; path = "Model/Mendeley Objects/MendeleyCatalogDocument.m"; sourceTree = "<group>"; };
		C4A134B819DADDD10069DB7A /* MendeleyDocument.h */ = {isa = PBXFileReference; fileEncoding = 4; lastKnownFileType = sourcecode.c.h; name = MendeleyDocument.h; path = "Model/Mendeley Objects/MendeleyDocument.h"; sourceTree = "<group>"; };
		C4A134B919DADDD10069DB7A /* MendeleyDocument.m */ = {isa = PBXFileReference; fileEncoding = 4; lastKnownFileType = sourcecode.c.objc; name = MendeleyDocument.m; path = "Model/Mendeley Objects/MendeleyDocument.m"; sourceTree = "<group>"; };
		C4A134BA19DADDD10069DB7A /* MendeleyDocumentType.h */ = {isa = PBXFileReference; fileEncoding = 4; lastKnownFileType = sourcecode.c.h; name = MendeleyDocumentType.h; path = "Model/Mendeley Objects/MendeleyDocumentType.h"; sourceTree = "<group>"; };
		C4A134BB19DADDD10069DB7A /* MendeleyDocumentType.m */ = {isa = PBXFileReference; fileEncoding = 4; lastKnownFileType = sourcecode.c.objc; name = MendeleyDocumentType.m; path = "Model/Mendeley Objects/MendeleyDocumentType.m"; sourceTree = "<group>"; };
		C4A134BC19DADDD10069DB7A /* MendeleyFile.h */ = {isa = PBXFileReference; fileEncoding = 4; lastKnownFileType = sourcecode.c.h; name = MendeleyFile.h; path = "Model/Mendeley Objects/MendeleyFile.h"; sourceTree = "<group>"; };
		C4A134BD19DADDD10069DB7A /* MendeleyFile.m */ = {isa = PBXFileReference; fileEncoding = 4; lastKnownFileType = sourcecode.c.objc; name = MendeleyFile.m; path = "Model/Mendeley Objects/MendeleyFile.m"; sourceTree = "<group>"; };
		C4A134BE19DADDD10069DB7A /* MendeleyFolder.h */ = {isa = PBXFileReference; fileEncoding = 4; lastKnownFileType = sourcecode.c.h; name = MendeleyFolder.h; path = "Model/Mendeley Objects/MendeleyFolder.h"; sourceTree = "<group>"; };
		C4A134BF19DADDD10069DB7A /* MendeleyFolder.m */ = {isa = PBXFileReference; fileEncoding = 4; lastKnownFileType = sourcecode.c.objc; name = MendeleyFolder.m; path = "Model/Mendeley Objects/MendeleyFolder.m"; sourceTree = "<group>"; };
		C4A134C019DADDD10069DB7A /* MendeleyGroup.h */ = {isa = PBXFileReference; fileEncoding = 4; lastKnownFileType = sourcecode.c.h; name = MendeleyGroup.h; path = "Model/Mendeley Objects/MendeleyGroup.h"; sourceTree = "<group>"; };
		C4A134C119DADDD10069DB7A /* MendeleyGroup.m */ = {isa = PBXFileReference; fileEncoding = 4; lastKnownFileType = sourcecode.c.objc; name = MendeleyGroup.m; path = "Model/Mendeley Objects/MendeleyGroup.m"; sourceTree = "<group>"; };
		C4A134C219DADDD10069DB7A /* MendeleyIdentifierType.h */ = {isa = PBXFileReference; fileEncoding = 4; lastKnownFileType = sourcecode.c.h; name = MendeleyIdentifierType.h; path = "Model/Mendeley Objects/MendeleyIdentifierType.h"; sourceTree = "<group>"; };
		C4A134C319DADDD10069DB7A /* MendeleyIdentifierType.m */ = {isa = PBXFileReference; fileEncoding = 4; lastKnownFileType = sourcecode.c.objc; name = MendeleyIdentifierType.m; path = "Model/Mendeley Objects/MendeleyIdentifierType.m"; sourceTree = "<group>"; };
		C4A134C419DADDD10069DB7A /* MendeleyMetadataLookup.h */ = {isa = PBXFileReference; fileEncoding = 4; lastKnownFileType = sourcecode.c.h; name = MendeleyMetadataLookup.h; path = "Model/Mendeley Objects/MendeleyMetadataLookup.h"; sourceTree = "<group>"; };
		C4A134C519DADDD10069DB7A /* MendeleyMetadataLookup.m */ = {isa = PBXFileReference; fileEncoding = 4; lastKnownFileType = sourcecode.c.objc; name = MendeleyMetadataLookup.m; path = "Model/Mendeley Objects/MendeleyMetadataLookup.m"; sourceTree = "<group>"; };
		C4A134C619DADDD10069DB7A /* MendeleyObject.h */ = {isa = PBXFileReference; fileEncoding = 4; lastKnownFileType = sourcecode.c.h; name = MendeleyObject.h; path = "Model/Mendeley Objects/MendeleyObject.h"; sourceTree = "<group>"; };
		C4A134C719DADDD10069DB7A /* MendeleyObject.m */ = {isa = PBXFileReference; fileEncoding = 4; lastKnownFileType = sourcecode.c.objc; name = MendeleyObject.m; path = "Model/Mendeley Objects/MendeleyObject.m"; sourceTree = "<group>"; };
		C4A134C819DADDD10069DB7A /* MendeleyPerson.h */ = {isa = PBXFileReference; fileEncoding = 4; lastKnownFileType = sourcecode.c.h; name = MendeleyPerson.h; path = "Model/Mendeley Objects/MendeleyPerson.h"; sourceTree = "<group>"; };
		C4A134C919DADDD10069DB7A /* MendeleyPerson.m */ = {isa = PBXFileReference; fileEncoding = 4; lastKnownFileType = sourcecode.c.objc; name = MendeleyPerson.m; path = "Model/Mendeley Objects/MendeleyPerson.m"; sourceTree = "<group>"; };
		C4A134CA19DADDD10069DB7A /* MendeleyProfile.h */ = {isa = PBXFileReference; fileEncoding = 4; lastKnownFileType = sourcecode.c.h; name = MendeleyProfile.h; path = "Model/Mendeley Objects/MendeleyProfile.h"; sourceTree = "<group>"; };
		C4A134CB19DADDD10069DB7A /* MendeleyProfile.m */ = {isa = PBXFileReference; fileEncoding = 4; lastKnownFileType = sourcecode.c.objc; name = MendeleyProfile.m; path = "Model/Mendeley Objects/MendeleyProfile.m"; sourceTree = "<group>"; };
		C4A134CC19DADDD10069DB7A /* MendeleyUserRole.h */ = {isa = PBXFileReference; fileEncoding = 4; lastKnownFileType = sourcecode.c.h; name = MendeleyUserRole.h; path = "Model/Mendeley Objects/MendeleyUserRole.h"; sourceTree = "<group>"; };
		C4A134CD19DADDD10069DB7A /* MendeleyUserRole.m */ = {isa = PBXFileReference; fileEncoding = 4; lastKnownFileType = sourcecode.c.objc; name = MendeleyUserRole.m; path = "Model/Mendeley Objects/MendeleyUserRole.m"; sourceTree = "<group>"; };
		C4A134DB19DADDF10069DB7A /* MendeleyModeller.h */ = {isa = PBXFileReference; fileEncoding = 4; lastKnownFileType = sourcecode.c.h; name = MendeleyModeller.h; path = Model/MendeleyModeller.h; sourceTree = "<group>"; };
		C4A134DC19DADDF10069DB7A /* MendeleyModeller.m */ = {isa = PBXFileReference; fileEncoding = 4; lastKnownFileType = sourcecode.c.objc; name = MendeleyModeller.m; path = Model/MendeleyModeller.m; sourceTree = "<group>"; };
		C4A134DD19DADDF10069DB7A /* MendeleyModels.h */ = {isa = PBXFileReference; fileEncoding = 4; lastKnownFileType = sourcecode.c.h; name = MendeleyModels.h; path = Model/MendeleyModels.h; sourceTree = "<group>"; };
		C4A134DE19DADDF10069DB7A /* MendeleyObjectHelper.h */ = {isa = PBXFileReference; fileEncoding = 4; lastKnownFileType = sourcecode.c.h; name = MendeleyObjectHelper.h; path = Model/MendeleyObjectHelper.h; sourceTree = "<group>"; };
		C4A134DF19DADDF10069DB7A /* MendeleyObjectHelper.m */ = {isa = PBXFileReference; fileEncoding = 4; lastKnownFileType = sourcecode.c.objc; name = MendeleyObjectHelper.m; path = Model/MendeleyObjectHelper.m; sourceTree = "<group>"; };
		C4A134E819DADE670069DB7A /* MendeleyConnectionReachability.h */ = {isa = PBXFileReference; fileEncoding = 4; lastKnownFileType = sourcecode.c.h; name = MendeleyConnectionReachability.h; path = Networking/Utils/MendeleyConnectionReachability.h; sourceTree = "<group>"; };
		C4A134E919DADE670069DB7A /* MendeleyConnectionReachability.m */ = {isa = PBXFileReference; fileEncoding = 4; lastKnownFileType = sourcecode.c.objc; name = MendeleyConnectionReachability.m; path = Networking/Utils/MendeleyConnectionReachability.m; sourceTree = "<group>"; };
		C4A134EA19DADE670069DB7A /* MendeleyURLBuilder.h */ = {isa = PBXFileReference; fileEncoding = 4; lastKnownFileType = sourcecode.c.h; name = MendeleyURLBuilder.h; path = Networking/Utils/MendeleyURLBuilder.h; sourceTree = "<group>"; };
		C4A134EB19DADE670069DB7A /* MendeleyURLBuilder.m */ = {isa = PBXFileReference; fileEncoding = 4; lastKnownFileType = sourcecode.c.objc; name = MendeleyURLBuilder.m; path = Networking/Utils/MendeleyURLBuilder.m; sourceTree = "<group>"; };
		C4A134EE19DADE760069DB7A /* MendeleySimpleNetworkProvider.h */ = {isa = PBXFileReference; fileEncoding = 4; lastKnownFileType = sourcecode.c.h; name = MendeleySimpleNetworkProvider.h; path = "Networking/Simple Network Provider/MendeleySimpleNetworkProvider.h"; sourceTree = "<group>"; };
		C4A134EF19DADE760069DB7A /* MendeleySimpleNetworkProvider.m */ = {isa = PBXFileReference; fileEncoding = 4; lastKnownFileType = sourcecode.c.objc; name = MendeleySimpleNetworkProvider.m; path = "Networking/Simple Network Provider/MendeleySimpleNetworkProvider.m"; sourceTree = "<group>"; };
		C4A134F019DADE760069DB7A /* MendeleySimpleNetworkTask.h */ = {isa = PBXFileReference; fileEncoding = 4; lastKnownFileType = sourcecode.c.h; name = MendeleySimpleNetworkTask.h; path = "Networking/Simple Network Provider/MendeleySimpleNetworkTask.h"; sourceTree = "<group>"; };
		C4A134F119DADE760069DB7A /* MendeleySimpleNetworkTask.m */ = {isa = PBXFileReference; fileEncoding = 4; lastKnownFileType = sourcecode.c.objc; name = MendeleySimpleNetworkTask.m; path = "Networking/Simple Network Provider/MendeleySimpleNetworkTask.m"; sourceTree = "<group>"; };
		C4A134F419DADE850069DB7A /* MendeleyOAuthConstants.h */ = {isa = PBXFileReference; fileEncoding = 4; lastKnownFileType = sourcecode.c.h; name = MendeleyOAuthConstants.h; path = Networking/OAuth/MendeleyOAuthConstants.h; sourceTree = "<group>"; };
		C4A134F519DADE850069DB7A /* MendeleyOAuthCredentials.h */ = {isa = PBXFileReference; fileEncoding = 4; lastKnownFileType = sourcecode.c.h; name = MendeleyOAuthCredentials.h; path = Networking/OAuth/MendeleyOAuthCredentials.h; sourceTree = "<group>"; };
		C4A134F619DADE850069DB7A /* MendeleyOAuthCredentials.m */ = {isa = PBXFileReference; fileEncoding = 4; lastKnownFileType = sourcecode.c.objc; name = MendeleyOAuthCredentials.m; path = Networking/OAuth/MendeleyOAuthCredentials.m; sourceTree = "<group>"; };
		C4A134F719DADE850069DB7A /* MendeleyOAuthStore.h */ = {isa = PBXFileReference; fileEncoding = 4; lastKnownFileType = sourcecode.c.h; name = MendeleyOAuthStore.h; path = Networking/OAuth/MendeleyOAuthStore.h; sourceTree = "<group>"; };
		C4A134F819DADE850069DB7A /* MendeleyOAuthStore.m */ = {isa = PBXFileReference; fileEncoding = 4; lastKnownFileType = sourcecode.c.objc; name = MendeleyOAuthStore.m; path = Networking/OAuth/MendeleyOAuthStore.m; sourceTree = "<group>"; };
		C4A134F919DADE850069DB7A /* MendeleyOAuthTokenHelper.h */ = {isa = PBXFileReference; fileEncoding = 4; lastKnownFileType = sourcecode.c.h; name = MendeleyOAuthTokenHelper.h; path = Networking/OAuth/MendeleyOAuthTokenHelper.h; sourceTree = "<group>"; };
		C4A134FA19DADE850069DB7A /* MendeleyOAuthTokenHelper.m */ = {isa = PBXFileReference; fileEncoding = 4; lastKnownFileType = sourcecode.c.objc; name = MendeleyOAuthTokenHelper.m; path = Networking/OAuth/MendeleyOAuthTokenHelper.m; sourceTree = "<group>"; };
		C4A134FE19DADE950069DB7A /* MendeleyQueryRequestParameters.h */ = {isa = PBXFileReference; fileEncoding = 4; lastKnownFileType = sourcecode.c.h; name = MendeleyQueryRequestParameters.h; path = "Networking/Networking Objects/MendeleyQueryRequestParameters.h"; sourceTree = "<group>"; };
		C4A134FF19DADE950069DB7A /* MendeleyQueryRequestParameters.m */ = {isa = PBXFileReference; fileEncoding = 4; lastKnownFileType = sourcecode.c.objc; name = MendeleyQueryRequestParameters.m; path = "Networking/Networking Objects/MendeleyQueryRequestParameters.m"; sourceTree = "<group>"; };
		C4A1350019DADE950069DB7A /* MendeleyRequest.h */ = {isa = PBXFileReference; fileEncoding = 4; lastKnownFileType = sourcecode.c.h; name = MendeleyRequest.h; path = "Networking/Networking Objects/MendeleyRequest.h"; sourceTree = "<group>"; };
		C4A1350119DADE950069DB7A /* MendeleyRequest.m */ = {isa = PBXFileReference; fileEncoding = 4; lastKnownFileType = sourcecode.c.objc; name = MendeleyRequest.m; path = "Networking/Networking Objects/MendeleyRequest.m"; sourceTree = "<group>"; };
		C4A1350219DADE950069DB7A /* MendeleyResponse.h */ = {isa = PBXFileReference; fileEncoding = 4; lastKnownFileType = sourcecode.c.h; name = MendeleyResponse.h; path = "Networking/Networking Objects/MendeleyResponse.h"; sourceTree = "<group>"; };
		C4A1350319DADE950069DB7A /* MendeleyResponse.m */ = {isa = PBXFileReference; fileEncoding = 4; lastKnownFileType = sourcecode.c.objc; name = MendeleyResponse.m; path = "Networking/Networking Objects/MendeleyResponse.m"; sourceTree = "<group>"; };
		C4A1350419DADE950069DB7A /* MendeleySyncInfo.h */ = {isa = PBXFileReference; fileEncoding = 4; lastKnownFileType = sourcecode.c.h; name = MendeleySyncInfo.h; path = "Networking/Networking Objects/MendeleySyncInfo.h"; sourceTree = "<group>"; };
		C4A1350519DADE950069DB7A /* MendeleySyncInfo.m */ = {isa = PBXFileReference; fileEncoding = 4; lastKnownFileType = sourcecode.c.objc; name = MendeleySyncInfo.m; path = "Networking/Networking Objects/MendeleySyncInfo.m"; sourceTree = "<group>"; };
		C4A1350619DADE950069DB7A /* MendeleyTask.h */ = {isa = PBXFileReference; fileEncoding = 4; lastKnownFileType = sourcecode.c.h; name = MendeleyTask.h; path = "Networking/Networking Objects/MendeleyTask.h"; sourceTree = "<group>"; };
		C4A1350719DADE950069DB7A /* MendeleyTask.m */ = {isa = PBXFileReference; fileEncoding = 4; lastKnownFileType = sourcecode.c.objc; name = MendeleyTask.m; path = "Networking/Networking Objects/MendeleyTask.m"; sourceTree = "<group>"; };
		C4A1350819DADE950069DB7A /* MendeleyTaskProvider.h */ = {isa = PBXFileReference; fileEncoding = 4; lastKnownFileType = sourcecode.c.h; name = MendeleyTaskProvider.h; path = "Networking/Networking Objects/MendeleyTaskProvider.h"; sourceTree = "<group>"; };
		C4A1350919DADE950069DB7A /* MendeleyTaskProvider.m */ = {isa = PBXFileReference; fileEncoding = 4; lastKnownFileType = sourcecode.c.objc; name = MendeleyTaskProvider.m; path = "Networking/Networking Objects/MendeleyTaskProvider.m"; sourceTree = "<group>"; };
		C4A1351019DADEA40069DB7A /* MendeleyDefaultOAuthProvider.h */ = {isa = PBXFileReference; fileEncoding = 4; lastKnownFileType = sourcecode.c.h; name = MendeleyDefaultOAuthProvider.h; path = "Networking/Default OAuth Provider/MendeleyDefaultOAuthProvider.h"; sourceTree = "<group>"; };
		C4A1351119DADEA40069DB7A /* MendeleyDefaultOAuthProvider.m */ = {isa = PBXFileReference; fileEncoding = 4; lastKnownFileType = sourcecode.c.objc; name = MendeleyDefaultOAuthProvider.m; path = "Networking/Default OAuth Provider/MendeleyDefaultOAuthProvider.m"; sourceTree = "<group>"; };
		C4A1351319DADEB20069DB7A /* MendeleyDataHelper.h */ = {isa = PBXFileReference; fileEncoding = 4; lastKnownFileType = sourcecode.c.h; name = MendeleyDataHelper.h; path = "Networking/Default Network Provider/MendeleyDataHelper.h"; sourceTree = "<group>"; };
		C4A1351419DADEB20069DB7A /* MendeleyDataHelper.m */ = {isa = PBXFileReference; fileEncoding = 4; lastKnownFileType = sourcecode.c.objc; name = MendeleyDataHelper.m; path = "Networking/Default Network Provider/MendeleyDataHelper.m"; sourceTree = "<group>"; };
		C4A1351519DADEB20069DB7A /* MendeleyDefaultNetworkProvider.h */ = {isa = PBXFileReference; fileEncoding = 4; lastKnownFileType = sourcecode.c.h; name = MendeleyDefaultNetworkProvider.h; path = "Networking/Default Network Provider/MendeleyDefaultNetworkProvider.h"; sourceTree = "<group>"; };
		C4A1351619DADEB20069DB7A /* MendeleyDefaultNetworkProvider.m */ = {isa = PBXFileReference; fileEncoding = 4; lastKnownFileType = sourcecode.c.objc; name = MendeleyDefaultNetworkProvider.m; path = "Networking/Default Network Provider/MendeleyDefaultNetworkProvider.m"; sourceTree = "<group>"; };
		C4A1351719DADEB20069DB7A /* MendeleyDownloadHelper.h */ = {isa = PBXFileReference; fileEncoding = 4; lastKnownFileType = sourcecode.c.h; name = MendeleyDownloadHelper.h; path = "Networking/Default Network Provider/MendeleyDownloadHelper.h"; sourceTree = "<group>"; };
		C4A1351819DADEB20069DB7A /* MendeleyDownloadHelper.m */ = {isa = PBXFileReference; fileEncoding = 4; lastKnownFileType = sourcecode.c.objc; name = MendeleyDownloadHelper.m; path = "Networking/Default Network Provider/MendeleyDownloadHelper.m"; sourceTree = "<group>"; };
		C4A1351919DADEB20069DB7A /* MendeleyNetworkTask.h */ = {isa = PBXFileReference; fileEncoding = 4; lastKnownFileType = sourcecode.c.h; name = MendeleyNetworkTask.h; path = "Networking/Default Network Provider/MendeleyNetworkTask.h"; sourceTree = "<group>"; };
		C4A1351A19DADEB20069DB7A /* MendeleyNetworkTask.m */ = {isa = PBXFileReference; fileEncoding = 4; lastKnownFileType = sourcecode.c.objc; name = MendeleyNetworkTask.m; path = "Networking/Default Network Provider/MendeleyNetworkTask.m"; sourceTree = "<group>"; };
		C4A1351B19DADEB20069DB7A /* MendeleyUploadHelper.h */ = {isa = PBXFileReference; fileEncoding = 4; lastKnownFileType = sourcecode.c.h; name = MendeleyUploadHelper.h; path = "Networking/Default Network Provider/MendeleyUploadHelper.h"; sourceTree = "<group>"; };
		C4A1351C19DADEB20069DB7A /* MendeleyUploadHelper.m */ = {isa = PBXFileReference; fileEncoding = 4; lastKnownFileType = sourcecode.c.objc; name = MendeleyUploadHelper.m; path = "Networking/Default Network Provider/MendeleyUploadHelper.m"; sourceTree = "<group>"; };
		C4A1352219DADEC40069DB7A /* MendeleyLoginController.h */ = {isa = PBXFileReference; fileEncoding = 4; lastKnownFileType = sourcecode.c.h; name = MendeleyLoginController.h; path = Networking/MendeleyLoginController.h; sourceTree = "<group>"; };
		C4A1352319DADEC40069DB7A /* MendeleyLoginController.m */ = {isa = PBXFileReference; fileEncoding = 4; lastKnownFileType = sourcecode.c.objc; name = MendeleyLoginController.m; path = Networking/MendeleyLoginController.m; sourceTree = "<group>"; };
		C4A1352419DADEC40069DB7A /* MendeleyNetworkProvider.h */ = {isa = PBXFileReference; fileEncoding = 4; lastKnownFileType = sourcecode.c.h; name = MendeleyNetworkProvider.h; path = Networking/MendeleyNetworkProvider.h; sourceTree = "<group>"; };
		C4A1352519DADEC40069DB7A /* MendeleyOAuthProvider.h */ = {isa = PBXFileReference; fileEncoding = 4; lastKnownFileType = sourcecode.c.h; name = MendeleyOAuthProvider.h; path = Networking/MendeleyOAuthProvider.h; sourceTree = "<group>"; };
		C4A1352819DADF280069DB7A /* MendeleyAnnotationsAPI.h */ = {isa = PBXFileReference; fileEncoding = 4; lastKnownFileType = sourcecode.c.h; name = MendeleyAnnotationsAPI.h; path = "Public Interface/API Interfaces/MendeleyAnnotationsAPI.h"; sourceTree = "<group>"; };
		C4A1352919DADF280069DB7A /* MendeleyAnnotationsAPI.m */ = {isa = PBXFileReference; fileEncoding = 4; lastKnownFileType = sourcecode.c.objc; name = MendeleyAnnotationsAPI.m; path = "Public Interface/API Interfaces/MendeleyAnnotationsAPI.m"; sourceTree = "<group>"; };
		C4A1352A19DADF280069DB7A /* MendeleyDocumentsAPI.h */ = {isa = PBXFileReference; fileEncoding = 4; lastKnownFileType = sourcecode.c.h; name = MendeleyDocumentsAPI.h; path = "Public Interface/API Interfaces/MendeleyDocumentsAPI.h"; sourceTree = "<group>"; };
		C4A1352B19DADF280069DB7A /* MendeleyDocumentsAPI.m */ = {isa = PBXFileReference; fileEncoding = 4; lastKnownFileType = sourcecode.c.objc; name = MendeleyDocumentsAPI.m; path = "Public Interface/API Interfaces/MendeleyDocumentsAPI.m"; sourceTree = "<group>"; };
		C4A1352C19DADF280069DB7A /* MendeleyFilesAPI.h */ = {isa = PBXFileReference; fileEncoding = 4; lastKnownFileType = sourcecode.c.h; name = MendeleyFilesAPI.h; path = "Public Interface/API Interfaces/MendeleyFilesAPI.h"; sourceTree = "<group>"; };
		C4A1352D19DADF280069DB7A /* MendeleyFilesAPI.m */ = {isa = PBXFileReference; fileEncoding = 4; lastKnownFileType = sourcecode.c.objc; name = MendeleyFilesAPI.m; path = "Public Interface/API Interfaces/MendeleyFilesAPI.m"; sourceTree = "<group>"; };
		C4A1352E19DADF280069DB7A /* MendeleyFoldersAPI.h */ = {isa = PBXFileReference; fileEncoding = 4; lastKnownFileType = sourcecode.c.h; name = MendeleyFoldersAPI.h; path = "Public Interface/API Interfaces/MendeleyFoldersAPI.h"; sourceTree = "<group>"; };
		C4A1352F19DADF280069DB7A /* MendeleyFoldersAPI.m */ = {isa = PBXFileReference; fileEncoding = 4; lastKnownFileType = sourcecode.c.objc; name = MendeleyFoldersAPI.m; path = "Public Interface/API Interfaces/MendeleyFoldersAPI.m"; sourceTree = "<group>"; };
		C4A1353019DADF280069DB7A /* MendeleyGroupsAPI.h */ = {isa = PBXFileReference; fileEncoding = 4; lastKnownFileType = sourcecode.c.h; name = MendeleyGroupsAPI.h; path = "Public Interface/API Interfaces/MendeleyGroupsAPI.h"; sourceTree = "<group>"; };
		C4A1353119DADF280069DB7A /* MendeleyGroupsAPI.m */ = {isa = PBXFileReference; fileEncoding = 4; lastKnownFileType = sourcecode.c.objc; name = MendeleyGroupsAPI.m; path = "Public Interface/API Interfaces/MendeleyGroupsAPI.m"; sourceTree = "<group>"; };
		C4A1353219DADF280069DB7A /* MendeleyMetadataAPI.h */ = {isa = PBXFileReference; fileEncoding = 4; lastKnownFileType = sourcecode.c.h; name = MendeleyMetadataAPI.h; path = "Public Interface/API Interfaces/MendeleyMetadataAPI.h"; sourceTree = "<group>"; };
		C4A1353319DADF280069DB7A /* MendeleyMetadataAPI.m */ = {isa = PBXFileReference; fileEncoding = 4; lastKnownFileType = sourcecode.c.objc; name = MendeleyMetadataAPI.m; path = "Public Interface/API Interfaces/MendeleyMetadataAPI.m"; sourceTree = "<group>"; };
		C4A1353419DADF280069DB7A /* MendeleyObjectAPI.h */ = {isa = PBXFileReference; fileEncoding = 4; lastKnownFileType = sourcecode.c.h; name = MendeleyObjectAPI.h; path = "Public Interface/API Interfaces/MendeleyObjectAPI.h"; sourceTree = "<group>"; };
		C4A1353519DADF280069DB7A /* MendeleyObjectAPI.m */ = {isa = PBXFileReference; fileEncoding = 4; lastKnownFileType = sourcecode.c.objc; name = MendeleyObjectAPI.m; path = "Public Interface/API Interfaces/MendeleyObjectAPI.m"; sourceTree = "<group>"; };
		C4A1353619DADF280069DB7A /* MendeleyProfilesAPI.h */ = {isa = PBXFileReference; fileEncoding = 4; lastKnownFileType = sourcecode.c.h; name = MendeleyProfilesAPI.h; path = "Public Interface/API Interfaces/MendeleyProfilesAPI.h"; sourceTree = "<group>"; };
		C4A1353719DADF280069DB7A /* MendeleyProfilesAPI.m */ = {isa = PBXFileReference; fileEncoding = 4; lastKnownFileType = sourcecode.c.objc; name = MendeleyProfilesAPI.m; path = "Public Interface/API Interfaces/MendeleyProfilesAPI.m"; sourceTree = "<group>"; };
		C4A1354019DADF750069DB7A /* MendeleyKitConfiguration.h */ = {isa = PBXFileReference; fileEncoding = 4; lastKnownFileType = sourcecode.c.h; name = MendeleyKitConfiguration.h; path = "Public Interface/MendeleyKitConfiguration.h"; sourceTree = "<group>"; };
		C4A1354119DADF750069DB7A /* MendeleyKitConfiguration.m */ = {isa = PBXFileReference; fileEncoding = 4; lastKnownFileType = sourcecode.c.objc; name = MendeleyKitConfiguration.m; path = "Public Interface/MendeleyKitConfiguration.m"; sourceTree = "<group>"; };
		C4A1354219DADF750069DB7A /* MendeleyKitHelper.h */ = {isa = PBXFileReference; fileEncoding = 4; lastKnownFileType = sourcecode.c.h; name = MendeleyKitHelper.h; path = "Public Interface/MendeleyKitHelper.h"; sourceTree = "<group>"; };
		C4A1354319DADF750069DB7A /* MendeleyKitHelper.m */ = {isa = PBXFileReference; fileEncoding = 4; lastKnownFileType = sourcecode.c.objc; name = MendeleyKitHelper.m; path = "Public Interface/MendeleyKitHelper.m"; sourceTree = "<group>"; };
		C4A1354A19DAE0610069DB7A /* MendeleyBlockExecutor.h */ = {isa = PBXFileReference; fileEncoding = 4; lastKnownFileType = sourcecode.c.h; name = MendeleyBlockExecutor.h; path = Utils/MendeleyBlockExecutor.h; sourceTree = "<group>"; };
		C4A1354B19DAE0610069DB7A /* MendeleyBlockExecutor.m */ = {isa = PBXFileReference; fileEncoding = 4; lastKnownFileType = sourcecode.c.objc; name = MendeleyBlockExecutor.m; path = Utils/MendeleyBlockExecutor.m; sourceTree = "<group>"; };
		C4A1354D19DAE07A0069DB7A /* MendeleyLog.h */ = {isa = PBXFileReference; fileEncoding = 4; lastKnownFileType = sourcecode.c.h; name = MendeleyLog.h; path = "Utils/Activity Log/MendeleyLog.h"; sourceTree = "<group>"; };
		C4A1354E19DAE07A0069DB7A /* MendeleyLog.m */ = {isa = PBXFileReference; fileEncoding = 4; lastKnownFileType = sourcecode.c.objc; name = MendeleyLog.m; path = "Utils/Activity Log/MendeleyLog.m"; sourceTree = "<group>"; };
		C4A1355019DAE0870069DB7A /* NSDictionary+Merge.h */ = {isa = PBXFileReference; fileEncoding = 4; lastKnownFileType = sourcecode.c.h; name = "NSDictionary+Merge.h"; path = "Utils/Categories/NSDictionary+Merge.h"; sourceTree = "<group>"; };
		C4A1355119DAE0870069DB7A /* NSDictionary+Merge.m */ = {isa = PBXFileReference; fileEncoding = 4; lastKnownFileType = sourcecode.c.objc; name = "NSDictionary+Merge.m"; path = "Utils/Categories/NSDictionary+Merge.m"; sourceTree = "<group>"; };
		C4A1355219DAE0870069DB7A /* NSMutableArray+MaximumSize.h */ = {isa = PBXFileReference; fileEncoding = 4; lastKnownFileType = sourcecode.c.h; name = "NSMutableArray+MaximumSize.h"; path = "Utils/Categories/NSMutableArray+MaximumSize.h"; sourceTree = "<group>"; };
		C4A1355319DAE0870069DB7A /* NSMutableArray+MaximumSize.m */ = {isa = PBXFileReference; fileEncoding = 4; lastKnownFileType = sourcecode.c.objc; name = "NSMutableArray+MaximumSize.m"; path = "Utils/Categories/NSMutableArray+MaximumSize.m"; sourceTree = "<group>"; };
		C4A1355619DAE0940069DB7A /* MendeleyError.h */ = {isa = PBXFileReference; fileEncoding = 4; lastKnownFileType = sourcecode.c.h; name = MendeleyError.h; path = "Utils/Error Management/MendeleyError.h"; sourceTree = "<group>"; };
		C4A1355719DAE0940069DB7A /* MendeleyErrorManager.h */ = {isa = PBXFileReference; fileEncoding = 4; lastKnownFileType = sourcecode.c.h; name = MendeleyErrorManager.h; path = "Utils/Error Management/MendeleyErrorManager.h"; sourceTree = "<group>"; };
		C4A1355819DAE0940069DB7A /* MendeleyErrorManager.m */ = {isa = PBXFileReference; fileEncoding = 4; lastKnownFileType = sourcecode.c.objc; name = MendeleyErrorManager.m; path = "Utils/Error Management/MendeleyErrorManager.m"; sourceTree = "<group>"; };
		C4A1355919DAE0940069DB7A /* MendeleyKitUserInfoManager.h */ = {isa = PBXFileReference; fileEncoding = 4; lastKnownFileType = sourcecode.c.h; name = MendeleyKitUserInfoManager.h; path = "Utils/Error Management/MendeleyKitUserInfoManager.h"; sourceTree = "<group>"; };
		C4A1355A19DAE0940069DB7A /* MendeleyKitUserInfoManager.m */ = {isa = PBXFileReference; fileEncoding = 4; lastKnownFileType = sourcecode.c.objc; name = MendeleyKitUserInfoManager.m; path = "Utils/Error Management/MendeleyKitUserInfoManager.m"; sourceTree = "<group>"; };
		C4A1355B19DAE0940069DB7A /* NSError+Exceptions.h */ = {isa = PBXFileReference; fileEncoding = 4; lastKnownFileType = sourcecode.c.h; name = "NSError+Exceptions.h"; path = "Utils/Error Management/NSError+Exceptions.h"; sourceTree = "<group>"; };
		C4A1355C19DAE0940069DB7A /* NSError+Exceptions.m */ = {isa = PBXFileReference; fileEncoding = 4; lastKnownFileType = sourcecode.c.objc; name = "NSError+Exceptions.m"; path = "Utils/Error Management/NSError+Exceptions.m"; sourceTree = "<group>"; };
		C4A1355D19DAE0940069DB7A /* NSError+MendeleyError.h */ = {isa = PBXFileReference; fileEncoding = 4; lastKnownFileType = sourcecode.c.h; name = "NSError+MendeleyError.h"; path = "Utils/Error Management/NSError+MendeleyError.h"; sourceTree = "<group>"; };
		C4A1355E19DAE0940069DB7A /* NSError+MendeleyError.m */ = {isa = PBXFileReference; fileEncoding = 4; lastKnownFileType = sourcecode.c.objc; name = "NSError+MendeleyError.m"; path = "Utils/Error Management/NSError+MendeleyError.m"; sourceTree = "<group>"; };
		C4A1356319DAE0A20069DB7A /* MendeleyPerformanceMeter.h */ = {isa = PBXFileReference; fileEncoding = 4; lastKnownFileType = sourcecode.c.h; name = MendeleyPerformanceMeter.h; path = Utils/Performance/MendeleyPerformanceMeter.h; sourceTree = "<group>"; };
		C4A1356419DAE0A20069DB7A /* MendeleyPerformanceMeter.m */ = {isa = PBXFileReference; fileEncoding = 4; lastKnownFileType = sourcecode.c.objc; name = MendeleyPerformanceMeter.m; path = Utils/Performance/MendeleyPerformanceMeter.m; sourceTree = "<group>"; };
		C4A1356519DAE0A20069DB7A /* MendeleyPerformanceMeterSession.h */ = {isa = PBXFileReference; fileEncoding = 4; lastKnownFileType = sourcecode.c.h; name = MendeleyPerformanceMeterSession.h; path = Utils/Performance/MendeleyPerformanceMeterSession.h; sourceTree = "<group>"; };
		C4A1356619DAE0A20069DB7A /* MendeleyPerformanceMeterSession.m */ = {isa = PBXFileReference; fileEncoding = 4; lastKnownFileType = sourcecode.c.objc; name = MendeleyPerformanceMeterSession.m; path = Utils/Performance/MendeleyPerformanceMeterSession.m; sourceTree = "<group>"; };
		C4A1356719DAE0A20069DB7A /* MendeleyTimer.h */ = {isa = PBXFileReference; fileEncoding = 4; lastKnownFileType = sourcecode.c.h; name = MendeleyTimer.h; path = Utils/Performance/MendeleyTimer.h; sourceTree = "<group>"; };
		C4A1356819DAE0A20069DB7A /* MendeleyTimer.m */ = {isa = PBXFileReference; fileEncoding = 4; lastKnownFileType = sourcecode.c.objc; name = MendeleyTimer.m; path = Utils/Performance/MendeleyTimer.m; sourceTree = "<group>"; };
		C4A1356C19DAE65A0069DB7A /* Security.framework */ = {isa = PBXFileReference; lastKnownFileType = wrapper.framework; name = Security.framework; path = System/Library/Frameworks/Security.framework; sourceTree = SDKROOT; };
		C4A1356E19DAE6630069DB7A /* MobileCoreServices.framework */ = {isa = PBXFileReference; lastKnownFileType = wrapper.framework; name = MobileCoreServices.framework; path = System/Library/Frameworks/MobileCoreServices.framework; sourceTree = SDKROOT; };
		C4A1357019DAE6A50069DB7A /* MendeleyGlobals.h */ = {isa = PBXFileReference; fileEncoding = 4; lastKnownFileType = sourcecode.c.h; path = MendeleyGlobals.h; sourceTree = "<group>"; };
		C4CD513B19DAD9E400C8EB8D /* libMendeleyKit.a */ = {isa = PBXFileReference; explicitFileType = archive.ar; includeInIndex = 0; path = libMendeleyKit.a; sourceTree = BUILT_PRODUCTS_DIR; };
		C4CD513E19DAD9E400C8EB8D /* Foundation.framework */ = {isa = PBXFileReference; lastKnownFileType = wrapper.framework; name = Foundation.framework; path = System/Library/Frameworks/Foundation.framework; sourceTree = SDKROOT; };
		C4CD514219DAD9E400C8EB8D /* MendeleyKit-Prefix.pch */ = {isa = PBXFileReference; lastKnownFileType = sourcecode.c.h; path = "MendeleyKit-Prefix.pch"; sourceTree = "<group>"; };
		C4CD514319DAD9E400C8EB8D /* MendeleyKit.h */ = {isa = PBXFileReference; lastKnownFileType = sourcecode.c.h; name = MendeleyKit.h; path = "Public Interface/MendeleyKit.h"; sourceTree = "<group>"; };
		C4CD514519DAD9E400C8EB8D /* MendeleyKit.m */ = {isa = PBXFileReference; lastKnownFileType = sourcecode.c.objc; name = MendeleyKit.m; path = "Public Interface/MendeleyKit.m"; sourceTree = "<group>"; };
		C4CD514B19DAD9E400C8EB8D /* MendeleyKitTests.xctest */ = {isa = PBXFileReference; explicitFileType = wrapper.cfbundle; includeInIndex = 0; path = MendeleyKitTests.xctest; sourceTree = BUILT_PRODUCTS_DIR; };
		C4CD514C19DAD9E400C8EB8D /* XCTest.framework */ = {isa = PBXFileReference; lastKnownFileType = wrapper.framework; name = XCTest.framework; path = Library/Frameworks/XCTest.framework; sourceTree = DEVELOPER_DIR; };
		C4CD514F19DAD9E400C8EB8D /* UIKit.framework */ = {isa = PBXFileReference; lastKnownFileType = wrapper.framework; name = UIKit.framework; path = Library/Frameworks/UIKit.framework; sourceTree = DEVELOPER_DIR; };
		C4CD515619DAD9E400C8EB8D /* MendeleyKitTests-Info.plist */ = {isa = PBXFileReference; lastKnownFileType = text.plist.xml; path = "MendeleyKitTests-Info.plist"; sourceTree = "<group>"; };
		C4CD515819DAD9E400C8EB8D /* en */ = {isa = PBXFileReference; lastKnownFileType = text.plist.strings; name = en; path = en.lproj/InfoPlist.strings; sourceTree = "<group>"; };
		C883D3BB1A0A633A0001281D /* Reachability.h */ = {isa = PBXFileReference; fileEncoding = 4; lastKnownFileType = sourcecode.c.h; path = Reachability.h; sourceTree = "<group>"; };
		C883D3BC1A0A633A0001281D /* Reachability.m */ = {isa = PBXFileReference; fileEncoding = 4; lastKnownFileType = sourcecode.c.objc; path = Reachability.m; sourceTree = "<group>"; };
/* End PBXFileReference section */

/* Begin PBXFrameworksBuildPhase section */
		C4CD513819DAD9E400C8EB8D /* Frameworks */ = {
			isa = PBXFrameworksBuildPhase;
			buildActionMask = 2147483647;
			files = (
				C4A1356F19DAE6630069DB7A /* MobileCoreServices.framework in Frameworks */,
				C4A1356D19DAE65A0069DB7A /* Security.framework in Frameworks */,
				C4CD513F19DAD9E400C8EB8D /* Foundation.framework in Frameworks */,
			);
			runOnlyForDeploymentPostprocessing = 0;
		};
		C4CD514819DAD9E400C8EB8D /* Frameworks */ = {
			isa = PBXFrameworksBuildPhase;
			buildActionMask = 2147483647;
			files = (
				C4CD514D19DAD9E400C8EB8D /* XCTest.framework in Frameworks */,
				C4CD515319DAD9E400C8EB8D /* libMendeleyKit.a in Frameworks */,
				C4CD515019DAD9E400C8EB8D /* UIKit.framework in Frameworks */,
				C4CD514E19DAD9E400C8EB8D /* Foundation.framework in Frameworks */,
				C24E70A3E1A44058A40FBE96 /* libPods-MendeleyKitTests.a in Frameworks */,
			);
			runOnlyForDeploymentPostprocessing = 0;
		};
/* End PBXFrameworksBuildPhase section */

/* Begin PBXGroup section */
		0B387EDC19ED106800ACCBE1 /* NSURLConnection Provider */ = {
			isa = PBXGroup;
			children = (
				0B387EE919ED59C500ACCBE1 /* MendeleyCancellableRequest.h */,
				0B387EDD19ED10D500ACCBE1 /* MendeleyNSURLConnectionProvider.h */,
				0B387EDE19ED10D500ACCBE1 /* MendeleyNSURLConnectionProvider.m */,
				0B387EE319ED15CD00ACCBE1 /* MendeleyNSURLRequestHelper.h */,
				0B387EE419ED15CD00ACCBE1 /* MendeleyNSURLRequestHelper.m */,
				0B387EE619ED174000ACCBE1 /* MendeleyNSURLRequestDownloadHelper.h */,
				0B387EE719ED174000ACCBE1 /* MendeleyNSURLRequestDownloadHelper.m */,
				0B387EEC19ED695000ACCBE1 /* MendeleyNSURLRequestUploadHelper.h */,
				0B387EED19ED695000ACCBE1 /* MendeleyNSURLRequestUploadHelper.m */,
			);
			name = "NSURLConnection Provider";
			sourceTree = "<group>";
		};
		BC8B75FE7E591BB0E3D3CA78 /* Pods */ = {
			isa = PBXGroup;
			children = (
				8302971636AF25A993EDBA94 /* Pods-MendeleyKitTests.debug.xcconfig */,
				0F7FE6F8D2A0E0F2771226C7 /* Pods-MendeleyKitTests.release.xcconfig */,
			);
			name = Pods;
			sourceTree = "<group>";
		};
		C462881D19DB158B00127ECE /* Public Interface */ = {
			isa = PBXGroup;
			children = (
				C462883819DB164600127ECE /* MendeleyAnnotationTests.m */,
				C462883919DB164600127ECE /* MendeleyProfilesAPITests.m */,
				C462883A19DB164600127ECE /* MendeleyKitTests.m */,
			);
			name = "Public Interface";
			sourceTree = "<group>";
		};
		C462881E19DB159700127ECE /* Model */ = {
			isa = PBXGroup;
			children = (
				C462886819DB17D200127ECE /* MendeleyAnnotationModellerTest.m */,
				C462886919DB17D200127ECE /* MendeleyAnnotationsAPITests.m */,
				C462886019DB17A700127ECE /* MendeleyCatalogDocumentsModellerTests.m */,
				C462886119DB17A700127ECE /* MendeleyModellerTest.m */,
				C462886219DB17A700127ECE /* MendeleyModelTest.m */,
				C462886319DB17A700127ECE /* MendeleyObjectHelperTests.m */,
			);
			name = Model;
			sourceTree = "<group>";
		};
		C462881F19DB15AB00127ECE /* Helpers */ = {
			isa = PBXGroup;
			children = (
				C462886C19DB17F100127ECE /* MendeleyMockNetworkProvider.h */,
				C462886D19DB17F100127ECE /* MendeleyMockNetworkProvider.m */,
				C462886E19DB17F100127ECE /* MendeleyMockNetworkProviderTests.m */,
				C462883E19DB166B00127ECE /* MendeleyKitConfigurationTests.m */,
				C462884119DB166B00127ECE /* MendeleyKitTestsThreadHelper.h */,
				C462884419DB16B100127ECE /* MendeleyKitTestsThreadHelper.m */,
				C462883F19DB166B00127ECE /* MendeleyKitTestBaseClass.h */,
				C462884019DB166B00127ECE /* MendeleyKitTestBaseClass.m */,
			);
			name = Helpers;
			sourceTree = "<group>";
		};
		C462882019DB15BE00127ECE /* Utils */ = {
			isa = PBXGroup;
			children = (
				C462884E19DB172E00127ECE /* NSDictionaryMergeCategoryTests.m */,
				C462884619DB171900127ECE /* MendeleyErrorCategoriesTests.m */,
				C462884719DB171900127ECE /* MendeleyErrorManagerTests.m */,
				C462884819DB171900127ECE /* MendeleyLogTests.m */,
				C462884919DB171900127ECE /* MendeleyPerformanceMeterTests.m */,
			);
			name = Utils;
			sourceTree = "<group>";
		};
		C462882119DB15D100127ECE /* Networking */ = {
			isa = PBXGroup;
			children = (
				C462885E19DB178000127ECE /* MendeleySyncInfoTests.m */,
				C462885C19DB176C00127ECE /* MendeleyQueryParameterTests.m */,
				C462885019DB175500127ECE /* MendeleyLoginControllerTests.m */,
				C462885119DB175500127ECE /* MendeleyNetworkingTests.m */,
				C462885219DB175500127ECE /* MendeleyOAuthStoreTests.m */,
				C462885319DB175500127ECE /* MendeleyReachabilityTests.m */,
				C462885419DB175500127ECE /* MendeleyResponseTests.m */,
				C462885519DB175500127ECE /* MendeleySimpleNetworkProviderTests.m */,
				C47E53AE19EE5D0900D8FF23 /* MendeleyNSURLConnectionProviderTests.m */,
			);
			name = Networking;
			sourceTree = "<group>";
		};
		C4A134AF19DADBBE0069DB7A /* Model */ = {
			isa = PBXGroup;
			children = (
				C4A134B319DADDBA0069DB7A /* Mendeley Objects */,
				C4A134DB19DADDF10069DB7A /* MendeleyModeller.h */,
				C4A134DC19DADDF10069DB7A /* MendeleyModeller.m */,
				C4A134DD19DADDF10069DB7A /* MendeleyModels.h */,
				C4A134DE19DADDF10069DB7A /* MendeleyObjectHelper.h */,
				C4A134DF19DADDF10069DB7A /* MendeleyObjectHelper.m */,
			);
			name = Model;
			sourceTree = "<group>";
		};
		C4A134B019DADBD20069DB7A /* Networking */ = {
			isa = PBXGroup;
			children = (
				C4A134E219DADE170069DB7A /* Default Network Provider */,
				C4A134E319DADE250069DB7A /* Default OAuth Provider */,
				C4A134E419DADE320069DB7A /* Networking Objects */,
				0B387EDC19ED106800ACCBE1 /* NSURLConnection Provider */,
				C4A134E519DADE3E0069DB7A /* OAuth */,
				C4A134E619DADE460069DB7A /* Simple Network Provider */,
				C4A134E719DADE530069DB7A /* Utils */,
				C4A1352219DADEC40069DB7A /* MendeleyLoginController.h */,
				C4A1352319DADEC40069DB7A /* MendeleyLoginController.m */,
				C4A1352419DADEC40069DB7A /* MendeleyNetworkProvider.h */,
				C4A1352519DADEC40069DB7A /* MendeleyOAuthProvider.h */,
			);
			name = Networking;
			sourceTree = "<group>";
		};
		C4A134B119DADBE30069DB7A /* Public Interface */ = {
			isa = PBXGroup;
			children = (
				C4A1352719DADF170069DB7A /* API Interfaces */,
				C4CD514319DAD9E400C8EB8D /* MendeleyKit.h */,
				C4CD514519DAD9E400C8EB8D /* MendeleyKit.m */,
				C4A1354019DADF750069DB7A /* MendeleyKitConfiguration.h */,
				C4A1354119DADF750069DB7A /* MendeleyKitConfiguration.m */,
				C4A1354219DADF750069DB7A /* MendeleyKitHelper.h */,
				C4A1354319DADF750069DB7A /* MendeleyKitHelper.m */,
			);
			name = "Public Interface";
			sourceTree = "<group>";
		};
		C4A134B219DADBEF0069DB7A /* Utils */ = {
			isa = PBXGroup;
			children = (
				C4A1354619DAE0270069DB7A /* Activity Logs */,
				C4A1354719DAE0330069DB7A /* Categories */,
				C4A1354819DAE03C0069DB7A /* Error Management */,
				C4A1354919DAE0460069DB7A /* Performance */,
				C4A1354A19DAE0610069DB7A /* MendeleyBlockExecutor.h */,
				C4A1354B19DAE0610069DB7A /* MendeleyBlockExecutor.m */,
			);
			name = Utils;
			sourceTree = "<group>";
		};
		C4A134B319DADDBA0069DB7A /* Mendeley Objects */ = {
			isa = PBXGroup;
			children = (
				C4A134B419DADDD10069DB7A /* MendeleyAnnotation.h */,
				C4A134B519DADDD10069DB7A /* MendeleyAnnotation.m */,
				C4A134B619DADDD10069DB7A /* MendeleyCatalogDocument.h */,
				C4A134B719DADDD10069DB7A /* MendeleyCatalogDocument.m */,
				C4A134B819DADDD10069DB7A /* MendeleyDocument.h */,
				C4A134B919DADDD10069DB7A /* MendeleyDocument.m */,
				C4A134BA19DADDD10069DB7A /* MendeleyDocumentType.h */,
				C4A134BB19DADDD10069DB7A /* MendeleyDocumentType.m */,
				C4A134BC19DADDD10069DB7A /* MendeleyFile.h */,
				C4A134BD19DADDD10069DB7A /* MendeleyFile.m */,
				C4A134BE19DADDD10069DB7A /* MendeleyFolder.h */,
				C4A134BF19DADDD10069DB7A /* MendeleyFolder.m */,
				C4A134C019DADDD10069DB7A /* MendeleyGroup.h */,
				C4A134C119DADDD10069DB7A /* MendeleyGroup.m */,
				C4A134C219DADDD10069DB7A /* MendeleyIdentifierType.h */,
				C4A134C319DADDD10069DB7A /* MendeleyIdentifierType.m */,
				C4A134C419DADDD10069DB7A /* MendeleyMetadataLookup.h */,
				C4A134C519DADDD10069DB7A /* MendeleyMetadataLookup.m */,
				C4A134C619DADDD10069DB7A /* MendeleyObject.h */,
				C4A134C719DADDD10069DB7A /* MendeleyObject.m */,
				C4A134C819DADDD10069DB7A /* MendeleyPerson.h */,
				C4A134C919DADDD10069DB7A /* MendeleyPerson.m */,
				C4A134CA19DADDD10069DB7A /* MendeleyProfile.h */,
				C4A134CB19DADDD10069DB7A /* MendeleyProfile.m */,
				C4A134CC19DADDD10069DB7A /* MendeleyUserRole.h */,
				C4A134CD19DADDD10069DB7A /* MendeleyUserRole.m */,
			);
			name = "Mendeley Objects";
			sourceTree = "<group>";
		};
		C4A134E219DADE170069DB7A /* Default Network Provider */ = {
			isa = PBXGroup;
			children = (
				C4A1351319DADEB20069DB7A /* MendeleyDataHelper.h */,
				C4A1351419DADEB20069DB7A /* MendeleyDataHelper.m */,
				C4A1351519DADEB20069DB7A /* MendeleyDefaultNetworkProvider.h */,
				C4A1351619DADEB20069DB7A /* MendeleyDefaultNetworkProvider.m */,
				C4A1351719DADEB20069DB7A /* MendeleyDownloadHelper.h */,
				C4A1351819DADEB20069DB7A /* MendeleyDownloadHelper.m */,
				C4A1351919DADEB20069DB7A /* MendeleyNetworkTask.h */,
				C4A1351A19DADEB20069DB7A /* MendeleyNetworkTask.m */,
				C4A1351B19DADEB20069DB7A /* MendeleyUploadHelper.h */,
				C4A1351C19DADEB20069DB7A /* MendeleyUploadHelper.m */,
			);
			name = "Default Network Provider";
			sourceTree = "<group>";
		};
		C4A134E319DADE250069DB7A /* Default OAuth Provider */ = {
			isa = PBXGroup;
			children = (
				C4A1351019DADEA40069DB7A /* MendeleyDefaultOAuthProvider.h */,
				C4A1351119DADEA40069DB7A /* MendeleyDefaultOAuthProvider.m */,
			);
			name = "Default OAuth Provider";
			sourceTree = "<group>";
		};
		C4A134E419DADE320069DB7A /* Networking Objects */ = {
			isa = PBXGroup;
			children = (
				C4A134FE19DADE950069DB7A /* MendeleyQueryRequestParameters.h */,
				C4A134FF19DADE950069DB7A /* MendeleyQueryRequestParameters.m */,
				C4A1350019DADE950069DB7A /* MendeleyRequest.h */,
				C4A1350119DADE950069DB7A /* MendeleyRequest.m */,
				C4A1350219DADE950069DB7A /* MendeleyResponse.h */,
				C4A1350319DADE950069DB7A /* MendeleyResponse.m */,
				C4A1350419DADE950069DB7A /* MendeleySyncInfo.h */,
				C4A1350519DADE950069DB7A /* MendeleySyncInfo.m */,
				C4A1350619DADE950069DB7A /* MendeleyTask.h */,
				C4A1350719DADE950069DB7A /* MendeleyTask.m */,
				C4A1350819DADE950069DB7A /* MendeleyTaskProvider.h */,
				C4A1350919DADE950069DB7A /* MendeleyTaskProvider.m */,
			);
			name = "Networking Objects";
			sourceTree = "<group>";
		};
		C4A134E519DADE3E0069DB7A /* OAuth */ = {
			isa = PBXGroup;
			children = (
				C4A134F419DADE850069DB7A /* MendeleyOAuthConstants.h */,
				C4A134F519DADE850069DB7A /* MendeleyOAuthCredentials.h */,
				C4A134F619DADE850069DB7A /* MendeleyOAuthCredentials.m */,
				C4A134F719DADE850069DB7A /* MendeleyOAuthStore.h */,
				C4A134F819DADE850069DB7A /* MendeleyOAuthStore.m */,
				C4A134F919DADE850069DB7A /* MendeleyOAuthTokenHelper.h */,
				C4A134FA19DADE850069DB7A /* MendeleyOAuthTokenHelper.m */,
			);
			name = OAuth;
			sourceTree = "<group>";
		};
		C4A134E619DADE460069DB7A /* Simple Network Provider */ = {
			isa = PBXGroup;
			children = (
				C4A134EE19DADE760069DB7A /* MendeleySimpleNetworkProvider.h */,
				C4A134EF19DADE760069DB7A /* MendeleySimpleNetworkProvider.m */,
				C4A134F019DADE760069DB7A /* MendeleySimpleNetworkTask.h */,
				C4A134F119DADE760069DB7A /* MendeleySimpleNetworkTask.m */,
			);
			name = "Simple Network Provider";
			sourceTree = "<group>";
		};
		C4A134E719DADE530069DB7A /* Utils */ = {
			isa = PBXGroup;
			children = (
				C4A134E819DADE670069DB7A /* MendeleyConnectionReachability.h */,
				C4A134E919DADE670069DB7A /* MendeleyConnectionReachability.m */,
				C4A134EA19DADE670069DB7A /* MendeleyURLBuilder.h */,
				C4A134EB19DADE670069DB7A /* MendeleyURLBuilder.m */,
			);
			name = Utils;
			sourceTree = "<group>";
		};
		C4A1352719DADF170069DB7A /* API Interfaces */ = {
			isa = PBXGroup;
			children = (
				C4A1352819DADF280069DB7A /* MendeleyAnnotationsAPI.h */,
				C4A1352919DADF280069DB7A /* MendeleyAnnotationsAPI.m */,
				C4A1352A19DADF280069DB7A /* MendeleyDocumentsAPI.h */,
				C4A1352B19DADF280069DB7A /* MendeleyDocumentsAPI.m */,
				C4A1352C19DADF280069DB7A /* MendeleyFilesAPI.h */,
				C4A1352D19DADF280069DB7A /* MendeleyFilesAPI.m */,
				C4A1352E19DADF280069DB7A /* MendeleyFoldersAPI.h */,
				C4A1352F19DADF280069DB7A /* MendeleyFoldersAPI.m */,
				C4A1353019DADF280069DB7A /* MendeleyGroupsAPI.h */,
				C4A1353119DADF280069DB7A /* MendeleyGroupsAPI.m */,
				C4A1353219DADF280069DB7A /* MendeleyMetadataAPI.h */,
				C4A1353319DADF280069DB7A /* MendeleyMetadataAPI.m */,
				C4A1353419DADF280069DB7A /* MendeleyObjectAPI.h */,
				C4A1353519DADF280069DB7A /* MendeleyObjectAPI.m */,
				C4A1353619DADF280069DB7A /* MendeleyProfilesAPI.h */,
				C4A1353719DADF280069DB7A /* MendeleyProfilesAPI.m */,
			);
			name = "API Interfaces";
			sourceTree = "<group>";
		};
		C4A1354619DAE0270069DB7A /* Activity Logs */ = {
			isa = PBXGroup;
			children = (
				C4A1354D19DAE07A0069DB7A /* MendeleyLog.h */,
				C4A1354E19DAE07A0069DB7A /* MendeleyLog.m */,
			);
			name = "Activity Logs";
			sourceTree = "<group>";
		};
		C4A1354719DAE0330069DB7A /* Categories */ = {
			isa = PBXGroup;
			children = (
				C4A1355019DAE0870069DB7A /* NSDictionary+Merge.h */,
				C4A1355119DAE0870069DB7A /* NSDictionary+Merge.m */,
				C4A1355219DAE0870069DB7A /* NSMutableArray+MaximumSize.h */,
				C4A1355319DAE0870069DB7A /* NSMutableArray+MaximumSize.m */,
			);
			name = Categories;
			sourceTree = "<group>";
		};
		C4A1354819DAE03C0069DB7A /* Error Management */ = {
			isa = PBXGroup;
			children = (
				C4A1355619DAE0940069DB7A /* MendeleyError.h */,
				C4A1355719DAE0940069DB7A /* MendeleyErrorManager.h */,
				C4A1355819DAE0940069DB7A /* MendeleyErrorManager.m */,
				C4A1355919DAE0940069DB7A /* MendeleyKitUserInfoManager.h */,
				C4A1355A19DAE0940069DB7A /* MendeleyKitUserInfoManager.m */,
				C4A1355B19DAE0940069DB7A /* NSError+Exceptions.h */,
				C4A1355C19DAE0940069DB7A /* NSError+Exceptions.m */,
				C4A1355D19DAE0940069DB7A /* NSError+MendeleyError.h */,
				C4A1355E19DAE0940069DB7A /* NSError+MendeleyError.m */,
			);
			name = "Error Management";
			sourceTree = "<group>";
		};
		C4A1354919DAE0460069DB7A /* Performance */ = {
			isa = PBXGroup;
			children = (
				C4A1356319DAE0A20069DB7A /* MendeleyPerformanceMeter.h */,
				C4A1356419DAE0A20069DB7A /* MendeleyPerformanceMeter.m */,
				C4A1356519DAE0A20069DB7A /* MendeleyPerformanceMeterSession.h */,
				C4A1356619DAE0A20069DB7A /* MendeleyPerformanceMeterSession.m */,
				C4A1356719DAE0A20069DB7A /* MendeleyTimer.h */,
				C4A1356819DAE0A20069DB7A /* MendeleyTimer.m */,
			);
			name = Performance;
			sourceTree = "<group>";
		};
		C4CD513219DAD9E400C8EB8D = {
			isa = PBXGroup;
			children = (
				C4CD514019DAD9E400C8EB8D /* MendeleyKit */,
				C4CD515419DAD9E400C8EB8D /* MendeleyKitTests */,
				C4CD513D19DAD9E400C8EB8D /* Frameworks */,
				C4CD513C19DAD9E400C8EB8D /* Products */,
				BC8B75FE7E591BB0E3D3CA78 /* Pods */,
			);
			sourceTree = "<group>";
		};
		C4CD513C19DAD9E400C8EB8D /* Products */ = {
			isa = PBXGroup;
			children = (
				C4CD513B19DAD9E400C8EB8D /* libMendeleyKit.a */,
				C4CD514B19DAD9E400C8EB8D /* MendeleyKitTests.xctest */,
			);
			name = Products;
			sourceTree = "<group>";
		};
		C4CD513D19DAD9E400C8EB8D /* Frameworks */ = {
			isa = PBXGroup;
			children = (
				C4A1356E19DAE6630069DB7A /* MobileCoreServices.framework */,
				C4A1356C19DAE65A0069DB7A /* Security.framework */,
				C4CD513E19DAD9E400C8EB8D /* Foundation.framework */,
				C4CD514C19DAD9E400C8EB8D /* XCTest.framework */,
				C4CD514F19DAD9E400C8EB8D /* UIKit.framework */,
				9DEA9B99D5FE40BEB2C9E99F /* libPods-MendeleyKitTests.a */,
			);
			name = Frameworks;
			sourceTree = "<group>";
		};
		C4CD514019DAD9E400C8EB8D /* MendeleyKit */ = {
			isa = PBXGroup;
			children = (
				C883D3BA1A0A63270001281D /* External */,
				C4A134AF19DADBBE0069DB7A /* Model */,
				C4A134B019DADBD20069DB7A /* Networking */,
				C4A134B119DADBE30069DB7A /* Public Interface */,
				C4A134B219DADBEF0069DB7A /* Utils */,
				C4CD514119DAD9E400C8EB8D /* Supporting Files */,
			);
			path = MendeleyKit;
			sourceTree = "<group>";
		};
		C4CD514119DAD9E400C8EB8D /* Supporting Files */ = {
			isa = PBXGroup;
			children = (
				C4A1357019DAE6A50069DB7A /* MendeleyGlobals.h */,
				C4CD514219DAD9E400C8EB8D /* MendeleyKit-Prefix.pch */,
			);
			name = "Supporting Files";
			sourceTree = "<group>";
		};
		C4CD515419DAD9E400C8EB8D /* MendeleyKitTests */ = {
			isa = PBXGroup;
			children = (
				C462882119DB15D100127ECE /* Networking */,
				C462882019DB15BE00127ECE /* Utils */,
				C462881F19DB15AB00127ECE /* Helpers */,
				C462881E19DB159700127ECE /* Model */,
				C462881D19DB158B00127ECE /* Public Interface */,
				C4CD515519DAD9E400C8EB8D /* Supporting Files */,
			);
			path = MendeleyKitTests;
			sourceTree = "<group>";
		};
		C4CD515519DAD9E400C8EB8D /* Supporting Files */ = {
			isa = PBXGroup;
			children = (
				C462882219DB160700127ECE /* annotation.json */,
				C462882319DB160700127ECE /* catalogue.json */,
				C462882419DB160700127ECE /* catalogueArray.json */,
				C462882519DB160700127ECE /* document.json */,
				C462882619DB160700127ECE /* documentList.json */,
				C462882719DB160700127ECE /* folderContent.json */,
				C462882819DB160700127ECE /* folders.json */,
				C462882919DB160700127ECE /* Getting_Started_Guide.pdf */,
				C462882A19DB160700127ECE /* group.json */,
				C462882B19DB160700127ECE /* groupList.json */,
				C462882C19DB160700127ECE /* profiles.json */,
				C4CD515619DAD9E400C8EB8D /* MendeleyKitTests-Info.plist */,
				C4CD515719DAD9E400C8EB8D /* InfoPlist.strings */,
			);
			name = "Supporting Files";
			sourceTree = "<group>";
		};
		C883D3BA1A0A63270001281D /* External */ = {
			isa = PBXGroup;
			children = (
				C883D3BB1A0A633A0001281D /* Reachability.h */,
				C883D3BC1A0A633A0001281D /* Reachability.m */,
			);
			name = External;
			sourceTree = "<group>";
		};
/* End PBXGroup section */

/* Begin PBXNativeTarget section */
		C4CD513A19DAD9E400C8EB8D /* MendeleyKit */ = {
			isa = PBXNativeTarget;
			buildConfigurationList = C4CD515E19DAD9E400C8EB8D /* Build configuration list for PBXNativeTarget "MendeleyKit" */;
			buildPhases = (
				C4CD513719DAD9E400C8EB8D /* Sources */,
				C4CD513819DAD9E400C8EB8D /* Frameworks */,
				C4CD513919DAD9E400C8EB8D /* CopyFiles */,
			);
			buildRules = (
			);
			dependencies = (
			);
			name = MendeleyKit;
			productName = MendeleyKit;
			productReference = C4CD513B19DAD9E400C8EB8D /* libMendeleyKit.a */;
			productType = "com.apple.product-type.library.static";
		};
		C4CD514A19DAD9E400C8EB8D /* MendeleyKitTests */ = {
			isa = PBXNativeTarget;
			buildConfigurationList = C4CD516119DAD9E400C8EB8D /* Build configuration list for PBXNativeTarget "MendeleyKitTests" */;
			buildPhases = (
				ACAF36624CF849239ECD9BBD /* Check Pods Manifest.lock */,
				C4CD514719DAD9E400C8EB8D /* Sources */,
				C4CD514819DAD9E400C8EB8D /* Frameworks */,
				C4CD514919DAD9E400C8EB8D /* Resources */,
				815E227FAF9B438D8C025191 /* Copy Pods Resources */,
			);
			buildRules = (
			);
			dependencies = (
				C4CD515219DAD9E400C8EB8D /* PBXTargetDependency */,
			);
			name = MendeleyKitTests;
			productName = MendeleyKitTests;
			productReference = C4CD514B19DAD9E400C8EB8D /* MendeleyKitTests.xctest */;
			productType = "com.apple.product-type.bundle.unit-test";
		};
/* End PBXNativeTarget section */

/* Begin PBXProject section */
		C4CD513319DAD9E400C8EB8D /* Project object */ = {
			isa = PBXProject;
			attributes = {
				LastUpgradeCheck = 0510;
				ORGANIZATIONNAME = Mendeley;
			};
			buildConfigurationList = C4CD513619DAD9E400C8EB8D /* Build configuration list for PBXProject "MendeleyKit" */;
			compatibilityVersion = "Xcode 3.2";
			developmentRegion = English;
			hasScannedForEncodings = 0;
			knownRegions = (
				en,
			);
			mainGroup = C4CD513219DAD9E400C8EB8D;
			productRefGroup = C4CD513C19DAD9E400C8EB8D /* Products */;
			projectDirPath = "";
			projectRoot = "";
			targets = (
				C4CD513A19DAD9E400C8EB8D /* MendeleyKit */,
				C4CD514A19DAD9E400C8EB8D /* MendeleyKitTests */,
			);
		};
/* End PBXProject section */

/* Begin PBXResourcesBuildPhase section */
		C4CD514919DAD9E400C8EB8D /* Resources */ = {
			isa = PBXResourcesBuildPhase;
			buildActionMask = 2147483647;
			files = (
				C462882E19DB160700127ECE /* catalogue.json in Resources */,
				C462883219DB160700127ECE /* folderContent.json in Resources */,
				C462883019DB160700127ECE /* document.json in Resources */,
				C462883419DB160700127ECE /* Getting_Started_Guide.pdf in Resources */,
				C462883319DB160700127ECE /* folders.json in Resources */,
				C462883119DB160700127ECE /* documentList.json in Resources */,
				C462882D19DB160700127ECE /* annotation.json in Resources */,
				C4CD515919DAD9E400C8EB8D /* InfoPlist.strings in Resources */,
				C462882F19DB160700127ECE /* catalogueArray.json in Resources */,
				C462883719DB160700127ECE /* profiles.json in Resources */,
				C462883519DB160700127ECE /* group.json in Resources */,
				C462883619DB160700127ECE /* groupList.json in Resources */,
			);
			runOnlyForDeploymentPostprocessing = 0;
		};
/* End PBXResourcesBuildPhase section */

/* Begin PBXShellScriptBuildPhase section */
		815E227FAF9B438D8C025191 /* Copy Pods Resources */ = {
			isa = PBXShellScriptBuildPhase;
			buildActionMask = 2147483647;
			files = (
			);
			inputPaths = (
			);
			name = "Copy Pods Resources";
			outputPaths = (
			);
			runOnlyForDeploymentPostprocessing = 0;
			shellPath = /bin/sh;
			shellScript = "\"${SRCROOT}/Pods/Target Support Files/Pods-MendeleyKitTests/Pods-MendeleyKitTests-resources.sh\"\n";
			showEnvVarsInLog = 0;
		};
		ACAF36624CF849239ECD9BBD /* Check Pods Manifest.lock */ = {
			isa = PBXShellScriptBuildPhase;
			buildActionMask = 2147483647;
			files = (
			);
			inputPaths = (
			);
			name = "Check Pods Manifest.lock";
			outputPaths = (
			);
			runOnlyForDeploymentPostprocessing = 0;
			shellPath = /bin/sh;
			shellScript = "diff \"${PODS_ROOT}/../Podfile.lock\" \"${PODS_ROOT}/Manifest.lock\" > /dev/null\nif [[ $? != 0 ]] ; then\n    cat << EOM\nerror: The sandbox is not in sync with the Podfile.lock. Run 'pod install' or update your CocoaPods installation.\nEOM\n    exit 1\nfi\n";
			showEnvVarsInLog = 0;
		};
/* End PBXShellScriptBuildPhase section */

/* Begin PBXSourcesBuildPhase section */
		C4CD513719DAD9E400C8EB8D /* Sources */ = {
			isa = PBXSourcesBuildPhase;
			buildActionMask = 2147483647;
			files = (
				C4A134F319DADE760069DB7A /* MendeleySimpleNetworkTask.m in Sources */,
				C4A1353F19DADF280069DB7A /* MendeleyProfilesAPI.m in Sources */,
				C4A134D919DADDD10069DB7A /* MendeleyProfile.m in Sources */,
				C4A134DA19DADDD10069DB7A /* MendeleyUserRole.m in Sources */,
				C4CD514619DAD9E400C8EB8D /* MendeleyKit.m in Sources */,
				0B387EEE19ED695000ACCBE1 /* MendeleyNSURLRequestUploadHelper.m in Sources */,
				C4A134CF19DADDD10069DB7A /* MendeleyCatalogDocument.m in Sources */,
				C4A134D419DADDD10069DB7A /* MendeleyGroup.m in Sources */,
				C4A134FD19DADE850069DB7A /* MendeleyOAuthTokenHelper.m in Sources */,
				C4A1350F19DADE950069DB7A /* MendeleyTaskProvider.m in Sources */,
				C4A134D519DADDD10069DB7A /* MendeleyIdentifierType.m in Sources */,
				C4A1354419DADF750069DB7A /* MendeleyKitConfiguration.m in Sources */,
				C4A1351219DADEA40069DB7A /* MendeleyDefaultOAuthProvider.m in Sources */,
				C4A1352119DADEB20069DB7A /* MendeleyUploadHelper.m in Sources */,
				C4A1354F19DAE07A0069DB7A /* MendeleyLog.m in Sources */,
				C4A1356A19DAE0A20069DB7A /* MendeleyPerformanceMeterSession.m in Sources */,
				C4A1353C19DADF280069DB7A /* MendeleyGroupsAPI.m in Sources */,
				C4A134F219DADE760069DB7A /* MendeleySimpleNetworkProvider.m in Sources */,
				C4A1353919DADF280069DB7A /* MendeleyDocumentsAPI.m in Sources */,
				C4A134D219DADDD10069DB7A /* MendeleyFile.m in Sources */,
				C4A1356019DAE0940069DB7A /* MendeleyKitUserInfoManager.m in Sources */,
				C4A134D819DADDD10069DB7A /* MendeleyPerson.m in Sources */,
				C4A1350E19DADE950069DB7A /* MendeleyTask.m in Sources */,
				C4A1353A19DADF280069DB7A /* MendeleyFilesAPI.m in Sources */,
				C4A1352019DADEB20069DB7A /* MendeleyNetworkTask.m in Sources */,
				C4A1356119DAE0940069DB7A /* NSError+Exceptions.m in Sources */,
				C4A1351D19DADEB20069DB7A /* MendeleyDataHelper.m in Sources */,
				C4A134D719DADDD10069DB7A /* MendeleyObject.m in Sources */,
				C4A1351E19DADEB20069DB7A /* MendeleyDefaultNetworkProvider.m in Sources */,
				C4A1354C19DAE0610069DB7A /* MendeleyBlockExecutor.m in Sources */,
				C4A134E019DADDF10069DB7A /* MendeleyModeller.m in Sources */,
				C4A134EC19DADE670069DB7A /* MendeleyConnectionReachability.m in Sources */,
				0B387EE819ED174000ACCBE1 /* MendeleyNSURLRequestDownloadHelper.m in Sources */,
				C4A1353819DADF280069DB7A /* MendeleyAnnotationsAPI.m in Sources */,
				C4A1356919DAE0A20069DB7A /* MendeleyPerformanceMeter.m in Sources */,
				C4A1354519DADF750069DB7A /* MendeleyKitHelper.m in Sources */,
				C4A134D319DADDD10069DB7A /* MendeleyFolder.m in Sources */,
				C4A1351F19DADEB20069DB7A /* MendeleyDownloadHelper.m in Sources */,
				C4A134ED19DADE670069DB7A /* MendeleyURLBuilder.m in Sources */,
				C4A1352619DADEC40069DB7A /* MendeleyLoginController.m in Sources */,
				C4A134FB19DADE850069DB7A /* MendeleyOAuthCredentials.m in Sources */,
				C4A1350C19DADE950069DB7A /* MendeleyResponse.m in Sources */,
				C883D3BD1A0A633A0001281D /* Reachability.m in Sources */,
				C4A134FC19DADE850069DB7A /* MendeleyOAuthStore.m in Sources */,
				C4A1356B19DAE0A20069DB7A /* MendeleyTimer.m in Sources */,
				C4A1353D19DADF280069DB7A /* MendeleyMetadataAPI.m in Sources */,
				0B387EE519ED15CD00ACCBE1 /* MendeleyNSURLRequestHelper.m in Sources */,
				C4A1353E19DADF280069DB7A /* MendeleyObjectAPI.m in Sources */,
				C4A1356219DAE0940069DB7A /* NSError+MendeleyError.m in Sources */,
				C4A1350A19DADE950069DB7A /* MendeleyQueryRequestParameters.m in Sources */,
				C4A134E119DADDF10069DB7A /* MendeleyObjectHelper.m in Sources */,
				C4A1350B19DADE950069DB7A /* MendeleyRequest.m in Sources */,
				C4A134CE19DADDD10069DB7A /* MendeleyAnnotation.m in Sources */,
				C4A1355419DAE0870069DB7A /* NSDictionary+Merge.m in Sources */,
				0B387EDF19ED10D500ACCBE1 /* MendeleyNSURLConnectionProvider.m in Sources */,
				C4A1353B19DADF280069DB7A /* MendeleyFoldersAPI.m in Sources */,
				C4A1355F19DAE0940069DB7A /* MendeleyErrorManager.m in Sources */,
				C4A1355519DAE0870069DB7A /* NSMutableArray+MaximumSize.m in Sources */,
				C4A134D119DADDD10069DB7A /* MendeleyDocumentType.m in Sources */,
				C4A134D019DADDD10069DB7A /* MendeleyDocument.m in Sources */,
				C4A134D619DADDD10069DB7A /* MendeleyMetadataLookup.m in Sources */,
				C4A1350D19DADE950069DB7A /* MendeleySyncInfo.m in Sources */,
			);
			runOnlyForDeploymentPostprocessing = 0;
		};
		C4CD514719DAD9E400C8EB8D /* Sources */ = {
			isa = PBXSourcesBuildPhase;
			buildActionMask = 2147483647;
			files = (
				C462886619DB17A700127ECE /* MendeleyModelTest.m in Sources */,
				C462885F19DB178000127ECE /* MendeleySyncInfoTests.m in Sources */,
				C462886519DB17A700127ECE /* MendeleyModellerTest.m in Sources */,
				C462886B19DB17D200127ECE /* MendeleyAnnotationsAPITests.m in Sources */,
				C462883D19DB164600127ECE /* MendeleyKitTests.m in Sources */,
				C462885619DB175500127ECE /* MendeleyLoginControllerTests.m in Sources */,
				C462883B19DB164600127ECE /* MendeleyAnnotationTests.m in Sources */,
				C462885819DB175500127ECE /* MendeleyOAuthStoreTests.m in Sources */,
				C462884D19DB171900127ECE /* MendeleyPerformanceMeterTests.m in Sources */,
				C462887019DB17F100127ECE /* MendeleyMockNetworkProviderTests.m in Sources */,
				C462886A19DB17D200127ECE /* MendeleyAnnotationModellerTest.m in Sources */,
				C462884C19DB171900127ECE /* MendeleyLogTests.m in Sources */,
				C462884319DB166B00127ECE /* MendeleyKitTestBaseClass.m in Sources */,
				C462886719DB17A700127ECE /* MendeleyObjectHelperTests.m in Sources */,
				C47E53AF19EE5D0900D8FF23 /* MendeleyNSURLConnectionProviderTests.m in Sources */,
				C462883C19DB164600127ECE /* MendeleyProfilesAPITests.m in Sources */,
				C462885D19DB176C00127ECE /* MendeleyQueryParameterTests.m in Sources */,
				C462884519DB16B100127ECE /* MendeleyKitTestsThreadHelper.m in Sources */,
				C462884B19DB171900127ECE /* MendeleyErrorManagerTests.m in Sources */,
				C462886F19DB17F100127ECE /* MendeleyMockNetworkProvider.m in Sources */,
				C462885A19DB175500127ECE /* MendeleyResponseTests.m in Sources */,
				C462885B19DB175500127ECE /* MendeleySimpleNetworkProviderTests.m in Sources */,
				C462884219DB166B00127ECE /* MendeleyKitConfigurationTests.m in Sources */,
				C462884F19DB172E00127ECE /* NSDictionaryMergeCategoryTests.m in Sources */,
				C462885919DB175500127ECE /* MendeleyReachabilityTests.m in Sources */,
				C462885719DB175500127ECE /* MendeleyNetworkingTests.m in Sources */,
				C462884A19DB171900127ECE /* MendeleyErrorCategoriesTests.m in Sources */,
				C462886419DB17A700127ECE /* MendeleyCatalogDocumentsModellerTests.m in Sources */,
			);
			runOnlyForDeploymentPostprocessing = 0;
		};
/* End PBXSourcesBuildPhase section */

/* Begin PBXTargetDependency section */
		C4CD515219DAD9E400C8EB8D /* PBXTargetDependency */ = {
			isa = PBXTargetDependency;
			target = C4CD513A19DAD9E400C8EB8D /* MendeleyKit */;
			targetProxy = C4CD515119DAD9E400C8EB8D /* PBXContainerItemProxy */;
		};
/* End PBXTargetDependency section */

/* Begin PBXVariantGroup section */
		C4CD515719DAD9E400C8EB8D /* InfoPlist.strings */ = {
			isa = PBXVariantGroup;
			children = (
				C4CD515819DAD9E400C8EB8D /* en */,
			);
			name = InfoPlist.strings;
			sourceTree = "<group>";
		};
/* End PBXVariantGroup section */

/* Begin XCBuildConfiguration section */
		C4CD515C19DAD9E400C8EB8D /* Debug */ = {
			isa = XCBuildConfiguration;
			buildSettings = {
				ALWAYS_SEARCH_USER_PATHS = NO;
				CLANG_CXX_LANGUAGE_STANDARD = "gnu++0x";
				CLANG_CXX_LIBRARY = "libc++";
				CLANG_ENABLE_MODULES = YES;
				CLANG_ENABLE_OBJC_ARC = YES;
				CLANG_WARN_BOOL_CONVERSION = YES;
				CLANG_WARN_CONSTANT_CONVERSION = YES;
				CLANG_WARN_DIRECT_OBJC_ISA_USAGE = YES_ERROR;
				CLANG_WARN_EMPTY_BODY = YES;
				CLANG_WARN_ENUM_CONVERSION = YES;
				CLANG_WARN_INT_CONVERSION = YES;
				CLANG_WARN_OBJC_ROOT_CLASS = YES_ERROR;
				CLANG_WARN__DUPLICATE_METHOD_MATCH = YES;
				COPY_PHASE_STRIP = NO;
				GCC_C_LANGUAGE_STANDARD = gnu99;
				GCC_DYNAMIC_NO_PIC = NO;
				GCC_OPTIMIZATION_LEVEL = 0;
				GCC_PREPROCESSOR_DEFINITIONS = (
					"DEBUG=1",
					"$(inherited)",
				);
				GCC_SYMBOLS_PRIVATE_EXTERN = NO;
				GCC_WARN_64_TO_32_BIT_CONVERSION = YES;
				GCC_WARN_ABOUT_RETURN_TYPE = YES_ERROR;
				GCC_WARN_UNDECLARED_SELECTOR = YES;
				GCC_WARN_UNINITIALIZED_AUTOS = YES_AGGRESSIVE;
				GCC_WARN_UNUSED_FUNCTION = YES;
				GCC_WARN_UNUSED_VARIABLE = YES;
				IPHONEOS_DEPLOYMENT_TARGET = 6.0;
				ONLY_ACTIVE_ARCH = YES;
				OTHER_LDFLAGS = "-ObjC";
				SDKROOT = iphoneos;
			};
			name = Debug;
		};
		C4CD515D19DAD9E400C8EB8D /* Release */ = {
			isa = XCBuildConfiguration;
			buildSettings = {
				ALWAYS_SEARCH_USER_PATHS = NO;
				CLANG_CXX_LANGUAGE_STANDARD = "gnu++0x";
				CLANG_CXX_LIBRARY = "libc++";
				CLANG_ENABLE_MODULES = YES;
				CLANG_ENABLE_OBJC_ARC = YES;
				CLANG_WARN_BOOL_CONVERSION = YES;
				CLANG_WARN_CONSTANT_CONVERSION = YES;
				CLANG_WARN_DIRECT_OBJC_ISA_USAGE = YES_ERROR;
				CLANG_WARN_EMPTY_BODY = YES;
				CLANG_WARN_ENUM_CONVERSION = YES;
				CLANG_WARN_INT_CONVERSION = YES;
				CLANG_WARN_OBJC_ROOT_CLASS = YES_ERROR;
				CLANG_WARN__DUPLICATE_METHOD_MATCH = YES;
				COPY_PHASE_STRIP = YES;
				ENABLE_NS_ASSERTIONS = NO;
				GCC_C_LANGUAGE_STANDARD = gnu99;
				GCC_WARN_64_TO_32_BIT_CONVERSION = YES;
				GCC_WARN_ABOUT_RETURN_TYPE = YES_ERROR;
				GCC_WARN_UNDECLARED_SELECTOR = YES;
				GCC_WARN_UNINITIALIZED_AUTOS = YES_AGGRESSIVE;
				GCC_WARN_UNUSED_FUNCTION = YES;
				GCC_WARN_UNUSED_VARIABLE = YES;
				IPHONEOS_DEPLOYMENT_TARGET = 6.0;
				OTHER_LDFLAGS = "-ObjC";
				SDKROOT = iphoneos;
				VALIDATE_PRODUCT = YES;
			};
			name = Release;
		};
		C4CD515F19DAD9E400C8EB8D /* Debug */ = {
			isa = XCBuildConfiguration;
			buildSettings = {
				DSTROOT = /tmp/MendeleyKit.dst;
				GCC_PRECOMPILE_PREFIX_HEADER = YES;
				GCC_PREFIX_HEADER = "MendeleyKit/MendeleyKit-Prefix.pch";
				OTHER_LDFLAGS = "-ObjC";
				PRODUCT_NAME = "$(TARGET_NAME)";
				SKIP_INSTALL = YES;
			};
			name = Debug;
		};
		C4CD516019DAD9E400C8EB8D /* Release */ = {
			isa = XCBuildConfiguration;
			buildSettings = {
				DSTROOT = /tmp/MendeleyKit.dst;
				GCC_PRECOMPILE_PREFIX_HEADER = YES;
				GCC_PREFIX_HEADER = "MendeleyKit/MendeleyKit-Prefix.pch";
				OTHER_LDFLAGS = "-ObjC";
				PRODUCT_NAME = "$(TARGET_NAME)";
				SKIP_INSTALL = YES;
			};
			name = Release;
		};
		C4CD516219DAD9E400C8EB8D /* Debug */ = {
			isa = XCBuildConfiguration;
			baseConfigurationReference = 8302971636AF25A993EDBA94 /* Pods-MendeleyKitTests.debug.xcconfig */;
			buildSettings = {
				FRAMEWORK_SEARCH_PATHS = (
					"$(SDKROOT)/Developer/Library/Frameworks",
					"$(inherited)",
					"$(DEVELOPER_FRAMEWORKS_DIR)",
				);
				GCC_PRECOMPILE_PREFIX_HEADER = YES;
				GCC_PREFIX_HEADER = "MendeleyKit/MendeleyKit-Prefix.pch";
				GCC_PREPROCESSOR_DEFINITIONS = (
					"DEBUG=1",
					"$(inherited)",
				);
				INFOPLIST_FILE = "MendeleyKitTests/MendeleyKitTests-Info.plist";
				PRODUCT_NAME = "$(TARGET_NAME)";
				WRAPPER_EXTENSION = xctest;
			};
			name = Debug;
		};
		C4CD516319DAD9E400C8EB8D /* Release */ = {
			isa = XCBuildConfiguration;
			baseConfigurationReference = 0F7FE6F8D2A0E0F2771226C7 /* Pods-MendeleyKitTests.release.xcconfig */;
			buildSettings = {
				FRAMEWORK_SEARCH_PATHS = (
					"$(SDKROOT)/Developer/Library/Frameworks",
					"$(inherited)",
					"$(DEVELOPER_FRAMEWORKS_DIR)",
				);
				GCC_PRECOMPILE_PREFIX_HEADER = YES;
				GCC_PREFIX_HEADER = "MendeleyKit/MendeleyKit-Prefix.pch";
				INFOPLIST_FILE = "MendeleyKitTests/MendeleyKitTests-Info.plist";
				PRODUCT_NAME = "$(TARGET_NAME)";
				WRAPPER_EXTENSION = xctest;
			};
			name = Release;
		};
/* End XCBuildConfiguration section */

/* Begin XCConfigurationList section */
		C4CD513619DAD9E400C8EB8D /* Build configuration list for PBXProject "MendeleyKit" */ = {
			isa = XCConfigurationList;
			buildConfigurations = (
				C4CD515C19DAD9E400C8EB8D /* Debug */,
				C4CD515D19DAD9E400C8EB8D /* Release */,
			);
			defaultConfigurationIsVisible = 0;
			defaultConfigurationName = Release;
		};
		C4CD515E19DAD9E400C8EB8D /* Build configuration list for PBXNativeTarget "MendeleyKit" */ = {
			isa = XCConfigurationList;
			buildConfigurations = (
				C4CD515F19DAD9E400C8EB8D /* Debug */,
				C4CD516019DAD9E400C8EB8D /* Release */,
			);
			defaultConfigurationIsVisible = 0;
			defaultConfigurationName = Release;
		};
		C4CD516119DAD9E400C8EB8D /* Build configuration list for PBXNativeTarget "MendeleyKitTests" */ = {
			isa = XCConfigurationList;
			buildConfigurations = (
				C4CD516219DAD9E400C8EB8D /* Debug */,
				C4CD516319DAD9E400C8EB8D /* Release */,
			);
			defaultConfigurationIsVisible = 0;
			defaultConfigurationName = Release;
		};
/* End XCConfigurationList section */
	};
	rootObject = C4CD513319DAD9E400C8EB8D /* Project object */;
}
